<?xml version="1.0" encoding="utf-8"?>
<Project ToolsVersion="16.0" xmlns="http://schemas.microsoft.com/developer/msbuild/2003">
  <ItemGroup>
    <ClCompile Include="src\affine_feature.cpp" />
    <ClCompile Include="src\agast.cpp" />
    <ClCompile Include="src\agast_score.cpp" />
    <ClCompile Include="src\akaze.cpp" />
    <ClCompile Include="src\bagofwords.cpp" />
    <ClCompile Include="src\blobdetector.cpp" />
    <ClCompile Include="src\brisk.cpp" />
    <ClCompile Include="src\draw.cpp" />
    <ClCompile Include="src\dynamic.cpp" />
    <ClCompile Include="src\evaluation.cpp" />
    <ClCompile Include="src\fast.cpp" />
    <ClCompile Include="src\fast_score.cpp" />
    <ClCompile Include="src\feature2d.cpp" />
    <ClCompile Include="src\gftt.cpp" />
    <ClCompile Include="src\kaze.cpp" />
    <ClCompile Include="src\kaze\AKAZEFeatures.cpp" />
    <ClCompile Include="src\kaze\KAZEFeatures.cpp" />
    <ClCompile Include="src\kaze\fed.cpp" />
    <ClCompile Include="src\kaze\nldiffusion_functions.cpp" />
    <ClCompile Include="src\keypoint.cpp" />
    <ClCompile Include="src\main.cpp" />
    <ClCompile Include="src\matchers.cpp" />
    <ClCompile Include="src\mser.cpp" />
    <ClCompile Include="src\orb.cpp" />
    <ClCompile Include="src\sift.dispatch.cpp" />
    <ClCompile Include="opencl_kernels_features2d.cpp" />
    <ClCompile Include="opencv_features2d_pch.cpp" />
    <ClCompile Include="opencv_features2d_main.cpp" />
  </ItemGroup>
  <ItemGroup>
    <ClInclude Include="include\opencv2\features2d.hpp" />
    <ClInclude Include="include\opencv2\features2d\features2d.hpp" />
    <ClInclude Include="include\opencv2\features2d\hal\interface.h" />
    <ClInclude Include="opencl_kernels_features2d.hpp" />
    <ClInclude Include="src\agast_score.hpp" />
    <ClInclude Include="src\fast.hpp" />
    <ClInclude Include="src\fast_score.hpp" />
    <ClInclude Include="src\hal_replacement.hpp" />
    <ClInclude Include="src\kaze\AKAZEConfig.h" />
    <ClInclude Include="src\kaze\AKAZEFeatures.h" />
    <ClInclude Include="src\kaze\KAZEConfig.h" />
    <ClInclude Include="src\kaze\KAZEFeatures.h" />
    <ClInclude Include="src\kaze\TEvolution.h" />
    <ClInclude Include="src\kaze\fed.h" />
    <ClInclude Include="src\kaze\nldiffusion_functions.h" />
    <ClInclude Include="src\kaze\utils.h" />
    <ClInclude Include="src\precomp.hpp" />
    <ClInclude Include="src\sift.simd.hpp" />
    <ClInclude Include="cvconfig.h" />
    <ClInclude Include="opencv_modules.hpp" />
  </ItemGroup>
  <ItemGroup>
    <None Include="src\opencl\akaze.cl" />
    <None Include="src\opencl\brute_force_match.cl" />
    <None Include="src\opencl\fast.cl" />
    <None Include="src\opencl\orb.cl" />
  </ItemGroup>
  <ItemGroup>
    <ResourceCompile Include="vs_version.rc" />
  </ItemGroup>
  <ItemGroup>
    <Filter Include="CMake Rules">
      <UniqueIdentifier>{613DCB51-195E-330E-A772-6D5B40BA759D}</UniqueIdentifier>
    </Filter>
    <Filter Include="Include">
      <UniqueIdentifier>{0F4E727C-A542-39DA-A5B7-B658528F0B6C}</UniqueIdentifier>
    </Filter>
    <Filter Include="Include\opencv2">
      <UniqueIdentifier>{8E98FA75-E5B5-3AD2-AC34-8A455A40CD7D}</UniqueIdentifier>
    </Filter>
    <Filter Include="Include\opencv2\features2d">
      <UniqueIdentifier>{88E99862-A0E4-3041-B4B6-8490F2909773}</UniqueIdentifier>
    </Filter>
    <Filter Include="Include\opencv2\features2d\hal">
      <UniqueIdentifier>{51B221B3-260E-3992-BAA8-9FED41F290FC}</UniqueIdentifier>
    </Filter>
    <Filter Include="Source Files">
      <UniqueIdentifier>{CE12B7EF-4DE0-3097-AE17-93B2DA197F27}</UniqueIdentifier>
    </Filter>
    <Filter Include="Src">
      <UniqueIdentifier>{CD70F01E-A37A-31F4-9B99-9B18D6482D8A}</UniqueIdentifier>
    </Filter>
    <Filter Include="Src\kaze">
      <UniqueIdentifier>{DB1460FC-C258-3296-9D84-BDE561320475}</UniqueIdentifier>
    </Filter>
    <Filter Include="Src\opencl">
      <UniqueIdentifier>{15106DBE-B4B9-30AD-8002-49CE152B898C}</UniqueIdentifier>
    </Filter>
    <Filter Include="Src\opencl\kernels">
      <UniqueIdentifier>{D7BD7446-117E-38D2-AD9C-0B620BC6BF32}</UniqueIdentifier>
    </Filter>
    <Filter Include="Src\opencl\kernels\autogenerated">
      <UniqueIdentifier>{83AEFC3D-9621-3789-84E8-BCBAC25C2251}</UniqueIdentifier>
    </Filter>
  </ItemGroup>
</Project>