Microsoft Visual Studio Solution File, Format Version 12.00
# Visual Studio 16
Project("{2150E333-8FDC-42A3-9474-1A3956D46DE8}") = "3rdparty", "3rdparty", "{F73AC2E0-3B59-3B7D-8E91-5FF876EAD60C}"
EndProject
Project("{2150E333-8FDC-42A3-9474-1A3956D46DE8}") = "CMakeTargets", "CMakeTargets", "{94D5F2CB-D387-3866-AED7-F052C81D2FBE}"
EndProject
Project("{2150E333-8FDC-42A3-9474-1A3956D46DE8}") = "bindings", "bindings", "{9CFC784F-9782-3E6D-B50C-A4480151D83B}"
EndProject
Project("{2150E333-8FDC-42A3-9474-1A3956D46DE8}") = "modules", "modules", "{4821B747-B0E3-3FD0-876C-E78E7EB0FB3D}"
EndProject
Project("{8BC9CEB8-8B4A-11D0-8D11-00A0C91BC942}") = "ALL_BUILD", "ALL_BUILD.vcxproj", "{DA189172-5FE9-3F2F-BA0D-C85F6B05940E}"
	ProjectSection(ProjectDependencies) = postProject
		{19254E1A-0B62-37BB-9EDC-AAF2CE8801AD} = {19254E1A-0B62-37BB-9EDC-AAF2CE8801AD}
		{A0BA2F98-A9ED-37E7-A9C0-4F3EC2734266} = {A0BA2F98-A9ED-37E7-A9C0-4F3EC2734266}
	EndProjectSection
EndProject
Project("{8BC9CEB8-8B4A-11D0-8D11-00A0C91BC942}") = "INSTALL", "INSTALL.vcxproj", "{8F7C0823-DCB9-31BB-92B9-6F18B1AEA515}"
	ProjectSection(ProjectDependencies) = postProject
		{DA189172-5FE9-3F2F-BA0D-C85F6B05940E} = {DA189172-5FE9-3F2F-BA0D-C85F6B05940E}
		{19254E1A-0B62-37BB-9EDC-AAF2CE8801AD} = {19254E1A-0B62-37BB-9EDC-AAF2CE8801AD}
	EndProjectSection
EndProject
Project("{8BC9CEB8-8B4A-11D0-8D11-00A0C91BC942}") = "PACKAGE", "PACKAGE.vcxproj", "{E92C879B-984C-3AF8-911F-A206D3ED7DD7}"
	ProjectSection(ProjectDependencies) = postProject
		{DA189172-5FE9-3F2F-BA0D-C85F6B05940E} = {DA189172-5FE9-3F2F-BA0D-C85F6B05940E}
		{19254E1A-0B62-37BB-9EDC-AAF2CE8801AD} = {19254E1A-0B62-37BB-9EDC-AAF2CE8801AD}
	EndProjectSection
EndProject
Project("{8BC9CEB8-8B4A-11D0-8D11-00A0C91BC942}") = "RUN_TESTS", "RUN_TESTS.vcxproj", "{9077BAD6-5545-3D41-910E-62FA6EA5D3EF}"
	ProjectSection(ProjectDependencies) = postProject
		{19254E1A-0B62-37BB-9EDC-AAF2CE8801AD} = {19254E1A-0B62-37BB-9EDC-AAF2CE8801AD}
	EndProjectSection
EndProject
Project("{8BC9CEB8-8B4A-11D0-8D11-00A0C91BC942}") = "ZERO_CHECK", "..\..\\ZERO_CHECK.vcxproj", "{19254E1A-0B62-37BB-9EDC-AAF2CE8801AD}"
	ProjectSection(ProjectDependencies) = postProject
	EndProjectSection
EndProject
Project("{8BC9CEB8-8B4A-11D0-8D11-00A0C91BC942}") = "gen_opencv_python_source", "..\python_bindings_generator\gen_opencv_python_source.vcxproj", "{F6B12F78-BA5C-3C61-AFFC-1D79CA6ACCBD}"
	ProjectSection(ProjectDependencies) = postProject
		{19254E1A-0B62-37BB-9EDC-AAF2CE8801AD} = {19254E1A-0B62-37BB-9EDC-AAF2CE8801AD}
	EndProjectSection
EndProject
Project("{8BC9CEB8-8B4A-11D0-8D11-00A0C91BC942}") = "libjpeg-turbo", "..\..\3rdparty\libjpeg-turbo\libjpeg-turbo.vcxproj", "{47342378-2353-3676-B3C4-08FAA8A166AD}"
	ProjectSection(ProjectDependencies) = postProject
		{19254E1A-0B62-37BB-9EDC-AAF2CE8801AD} = {19254E1A-0B62-37BB-9EDC-AAF2CE8801AD}
	EndProjectSection
EndProject
Project("{8BC9CEB8-8B4A-11D0-8D11-00A0C91BC942}") = "libopenjp2", "..\..\3rdparty\openjpeg\openjp2\libopenjp2.vcxproj", "{2DDB8E6F-D6EE-3C12-A7E0-DBF3AB4F7CBA}"
	ProjectSection(ProjectDependencies) = postProject
		{19254E1A-0B62-37BB-9EDC-AAF2CE8801AD} = {19254E1A-0B62-37BB-9EDC-AAF2CE8801AD}
	EndProjectSection
EndProject
Project("{8BC9CEB8-8B4A-11D0-8D11-00A0C91BC942}") = "libpng", "..\..\3rdparty\libpng\libpng.vcxproj", "{D8B0CAC0-8501-39BD-8731-3DE10779E5B9}"
	ProjectSection(ProjectDependencies) = postProject
		{19254E1A-0B62-37BB-9EDC-AAF2CE8801AD} = {19254E1A-0B62-37BB-9EDC-AAF2CE8801AD}
		{62693FEB-1C7A-3AB0-9E05-73E003866D2C} = {62693FEB-1C7A-3AB0-9E05-73E003866D2C}
	EndProjectSection
EndProject
Project("{8BC9CEB8-8B4A-11D0-8D11-00A0C91BC942}") = "libprotobuf", "..\..\3rdparty\protobuf\libprotobuf.vcxproj", "{799B87EB-36B1-323F-A7C7-0397F9511D43}"
	ProjectSection(ProjectDependencies) = postProject
		{19254E1A-0B62-37BB-9EDC-AAF2CE8801AD} = {19254E1A-0B62-37BB-9EDC-AAF2CE8801AD}
	EndProjectSection
EndProject
Project("{8BC9CEB8-8B4A-11D0-8D11-00A0C91BC942}") = "libtiff", "..\..\3rdparty\libtiff\libtiff.vcxproj", "{7D1DBA4B-2AB5-3B2B-956D-BF17D4DFB1BE}"
	ProjectSection(ProjectDependencies) = postProject
		{19254E1A-0B62-37BB-9EDC-AAF2CE8801AD} = {19254E1A-0B62-37BB-9EDC-AAF2CE8801AD}
		{62693FEB-1C7A-3AB0-9E05-73E003866D2C} = {62693FEB-1C7A-3AB0-9E05-73E003866D2C}
	EndProjectSection
EndProject
Project("{8BC9CEB8-8B4A-11D0-8D11-00A0C91BC942}") = "libwebp", "..\..\3rdparty\libwebp\libwebp.vcxproj", "{90082C75-5419-314D-B8C4-D9090F9293FA}"
	ProjectSection(ProjectDependencies) = postProject
		{19254E1A-0B62-37BB-9EDC-AAF2CE8801AD} = {19254E1A-0B62-37BB-9EDC-AAF2CE8801AD}
	EndProjectSection
EndProject
Project("{8BC9CEB8-8B4A-11D0-8D11-00A0C91BC942}") = "opencv_aruco", "..\aruco\opencv_aruco.vcxproj", "{BE012749-951B-37E7-BDD0-CD599D5F93C5}"
	ProjectSection(ProjectDependencies) = postProject
		{19254E1A-0B62-37BB-9EDC-AAF2CE8801AD} = {19254E1A-0B62-37BB-9EDC-AAF2CE8801AD}
		{5C9ECDC3-1FD9-39D9-846B-C8FEE3DDB7CD} = {5C9ECDC3-1FD9-39D9-846B-C8FEE3DDB7CD}
		{26820A44-4B84-3AD3-A82C-3BB5CC597915} = {26820A44-4B84-3AD3-A82C-3BB5CC597915}
		{F14C2E5E-E346-3B79-98B4-F42959690F06} = {F14C2E5E-E346-3B79-98B4-F42959690F06}
		{A78F35E9-AA3E-3148-ACC4-8DFAA61AB0B0} = {A78F35E9-AA3E-3148-ACC4-8DFAA61AB0B0}
		{2989009F-683B-3056-8726-9FD2005880A4} = {2989009F-683B-3056-8726-9FD2005880A4}
	EndProjectSection
EndProject
Project("{8BC9CEB8-8B4A-11D0-8D11-00A0C91BC942}") = "opencv_bgsegm", "..\bgsegm\opencv_bgsegm.vcxproj", "{D4947004-156E-3817-9062-B53D4CD172E3}"
	ProjectSection(ProjectDependencies) = postProject
		{19254E1A-0B62-37BB-9EDC-AAF2CE8801AD} = {19254E1A-0B62-37BB-9EDC-AAF2CE8801AD}
		{5C9ECDC3-1FD9-39D9-846B-C8FEE3DDB7CD} = {5C9ECDC3-1FD9-39D9-846B-C8FEE3DDB7CD}
		{26820A44-4B84-3AD3-A82C-3BB5CC597915} = {26820A44-4B84-3AD3-A82C-3BB5CC597915}
		{F14C2E5E-E346-3B79-98B4-F42959690F06} = {F14C2E5E-E346-3B79-98B4-F42959690F06}
		{A78F35E9-AA3E-3148-ACC4-8DFAA61AB0B0} = {A78F35E9-AA3E-3148-ACC4-8DFAA61AB0B0}
		{2989009F-683B-3056-8726-9FD2005880A4} = {2989009F-683B-3056-8726-9FD2005880A4}
		{9166A05A-43E2-3C3F-BA39-68771B02C655} = {9166A05A-43E2-3C3F-BA39-68771B02C655}
	EndProjectSection
EndProject
Project("{8BC9CEB8-8B4A-11D0-8D11-00A0C91BC942}") = "opencv_bioinspired", "..\bioinspired\opencv_bioinspired.vcxproj", "{DE6CB7B2-66D8-33AC-888C-F217058E1BA8}"
	ProjectSection(ProjectDependencies) = postProject
		{19254E1A-0B62-37BB-9EDC-AAF2CE8801AD} = {19254E1A-0B62-37BB-9EDC-AAF2CE8801AD}
		{26820A44-4B84-3AD3-A82C-3BB5CC597915} = {26820A44-4B84-3AD3-A82C-3BB5CC597915}
		{2ED7E492-2FB6-388C-9D1E-130B1217C6D2} = {2ED7E492-2FB6-388C-9D1E-130B1217C6D2}
		{B7EA3436-145A-37A3-AA8D-BC694C9B1F69} = {B7EA3436-145A-37A3-AA8D-BC694C9B1F69}
		{2989009F-683B-3056-8726-9FD2005880A4} = {2989009F-683B-3056-8726-9FD2005880A4}
		{578E90C5-8F5A-30F3-941F-F2E2338D1012} = {578E90C5-8F5A-30F3-941F-F2E2338D1012}
	EndProjectSection
EndProject
Project("{8BC9CEB8-8B4A-11D0-8D11-00A0C91BC942}") = "opencv_calib3d", "..\calib3d\opencv_calib3d.vcxproj", "{5C9ECDC3-1FD9-39D9-846B-C8FEE3DDB7CD}"
	ProjectSection(ProjectDependencies) = postProject
		{19254E1A-0B62-37BB-9EDC-AAF2CE8801AD} = {19254E1A-0B62-37BB-9EDC-AAF2CE8801AD}
		{26820A44-4B84-3AD3-A82C-3BB5CC597915} = {26820A44-4B84-3AD3-A82C-3BB5CC597915}
		{F14C2E5E-E346-3B79-98B4-F42959690F06} = {F14C2E5E-E346-3B79-98B4-F42959690F06}
		{A78F35E9-AA3E-3148-ACC4-8DFAA61AB0B0} = {A78F35E9-AA3E-3148-ACC4-8DFAA61AB0B0}
		{2989009F-683B-3056-8726-9FD2005880A4} = {2989009F-683B-3056-8726-9FD2005880A4}
	EndProjectSection
EndProject
Project("{8BC9CEB8-8B4A-11D0-8D11-00A0C91BC942}") = "opencv_ccalib", "..\ccalib\opencv_ccalib.vcxproj", "{1BA49390-E53F-3A1C-9D3B-A36C6E41C629}"
	ProjectSection(ProjectDependencies) = postProject
		{19254E1A-0B62-37BB-9EDC-AAF2CE8801AD} = {19254E1A-0B62-37BB-9EDC-AAF2CE8801AD}
		{5C9ECDC3-1FD9-39D9-846B-C8FEE3DDB7CD} = {5C9ECDC3-1FD9-39D9-846B-C8FEE3DDB7CD}
		{26820A44-4B84-3AD3-A82C-3BB5CC597915} = {26820A44-4B84-3AD3-A82C-3BB5CC597915}
		{F14C2E5E-E346-3B79-98B4-F42959690F06} = {F14C2E5E-E346-3B79-98B4-F42959690F06}
		{A78F35E9-AA3E-3148-ACC4-8DFAA61AB0B0} = {A78F35E9-AA3E-3148-ACC4-8DFAA61AB0B0}
		{2ED7E492-2FB6-388C-9D1E-130B1217C6D2} = {2ED7E492-2FB6-388C-9D1E-130B1217C6D2}
		{B7EA3436-145A-37A3-AA8D-BC694C9B1F69} = {B7EA3436-145A-37A3-AA8D-BC694C9B1F69}
		{2989009F-683B-3056-8726-9FD2005880A4} = {2989009F-683B-3056-8726-9FD2005880A4}
		{578E90C5-8F5A-30F3-941F-F2E2338D1012} = {578E90C5-8F5A-30F3-941F-F2E2338D1012}
	EndProjectSection
EndProject
Project("{8BC9CEB8-8B4A-11D0-8D11-00A0C91BC942}") = "opencv_core", "..\core\opencv_core.vcxproj", "{26820A44-4B84-3AD3-A82C-3BB5CC597915}"
	ProjectSection(ProjectDependencies) = postProject
		{19254E1A-0B62-37BB-9EDC-AAF2CE8801AD} = {19254E1A-0B62-37BB-9EDC-AAF2CE8801AD}
		{62693FEB-1C7A-3AB0-9E05-73E003866D2C} = {62693FEB-1C7A-3AB0-9E05-73E003866D2C}
	EndProjectSection
EndProject
Project("{8BC9CEB8-8B4A-11D0-8D11-00A0C91BC942}") = "opencv_datasets", "..\datasets\opencv_datasets.vcxproj", "{09FEF1CD-E6DE-347F-B5CB-0475A3D441A8}"
	ProjectSection(ProjectDependencies) = postProject
		{19254E1A-0B62-37BB-9EDC-AAF2CE8801AD} = {19254E1A-0B62-37BB-9EDC-AAF2CE8801AD}
		{26820A44-4B84-3AD3-A82C-3BB5CC597915} = {26820A44-4B84-3AD3-A82C-3BB5CC597915}
		{12AC3E54-987B-3E7C-9827-F96466F6173C} = {12AC3E54-987B-3E7C-9827-F96466F6173C}
		{F14C2E5E-E346-3B79-98B4-F42959690F06} = {F14C2E5E-E346-3B79-98B4-F42959690F06}
		{A78F35E9-AA3E-3148-ACC4-8DFAA61AB0B0} = {A78F35E9-AA3E-3148-ACC4-8DFAA61AB0B0}
		{B7EA3436-145A-37A3-AA8D-BC694C9B1F69} = {B7EA3436-145A-37A3-AA8D-BC694C9B1F69}
		{2989009F-683B-3056-8726-9FD2005880A4} = {2989009F-683B-3056-8726-9FD2005880A4}
		{3AF7BB57-9948-3095-AE53-06710B900D40} = {3AF7BB57-9948-3095-AE53-06710B900D40}
		{082C0E89-FF1B-3ACF-B33E-2C6C17B98D82} = {082C0E89-FF1B-3ACF-B33E-2C6C17B98D82}
	EndProjectSection
EndProject
Project("{8BC9CEB8-8B4A-11D0-8D11-00A0C91BC942}") = "opencv_dnn", "..\dnn\opencv_dnn.vcxproj", "{12AC3E54-987B-3E7C-9827-F96466F6173C}"
	ProjectSection(ProjectDependencies) = postProject
		{19254E1A-0B62-37BB-9EDC-AAF2CE8801AD} = {19254E1A-0B62-37BB-9EDC-AAF2CE8801AD}
		{799B87EB-36B1-323F-A7C7-0397F9511D43} = {799B87EB-36B1-323F-A7C7-0397F9511D43}
		{26820A44-4B84-3AD3-A82C-3BB5CC597915} = {26820A44-4B84-3AD3-A82C-3BB5CC597915}
		{2989009F-683B-3056-8726-9FD2005880A4} = {2989009F-683B-3056-8726-9FD2005880A4}
	EndProjectSection
EndProject
Project("{8BC9CEB8-8B4A-11D0-8D11-00A0C91BC942}") = "opencv_dnn_superres", "..\dnn_superres\opencv_dnn_superres.vcxproj", "{F57D212D-099B-32DC-8407-5A725F3E1429}"
	ProjectSection(ProjectDependencies) = postProject
		{19254E1A-0B62-37BB-9EDC-AAF2CE8801AD} = {19254E1A-0B62-37BB-9EDC-AAF2CE8801AD}
		{26820A44-4B84-3AD3-A82C-3BB5CC597915} = {26820A44-4B84-3AD3-A82C-3BB5CC597915}
		{12AC3E54-987B-3E7C-9827-F96466F6173C} = {12AC3E54-987B-3E7C-9827-F96466F6173C}
		{2989009F-683B-3056-8726-9FD2005880A4} = {2989009F-683B-3056-8726-9FD2005880A4}
		{3AF7BB57-9948-3095-AE53-06710B900D40} = {3AF7BB57-9948-3095-AE53-06710B900D40}
		{4F6B75A1-8CE8-31D4-88DA-1C4E39FF1D61} = {4F6B75A1-8CE8-31D4-88DA-1C4E39FF1D61}
	EndProjectSection
EndProject
Project("{8BC9CEB8-8B4A-11D0-8D11-00A0C91BC942}") = "opencv_dpm", "..\dpm\opencv_dpm.vcxproj", "{DF5164BE-DD2F-3397-80B7-4393533D4AAA}"
	ProjectSection(ProjectDependencies) = postProject
		{19254E1A-0B62-37BB-9EDC-AAF2CE8801AD} = {19254E1A-0B62-37BB-9EDC-AAF2CE8801AD}
		{5C9ECDC3-1FD9-39D9-846B-C8FEE3DDB7CD} = {5C9ECDC3-1FD9-39D9-846B-C8FEE3DDB7CD}
		{26820A44-4B84-3AD3-A82C-3BB5CC597915} = {26820A44-4B84-3AD3-A82C-3BB5CC597915}
		{F14C2E5E-E346-3B79-98B4-F42959690F06} = {F14C2E5E-E346-3B79-98B4-F42959690F06}
		{A78F35E9-AA3E-3148-ACC4-8DFAA61AB0B0} = {A78F35E9-AA3E-3148-ACC4-8DFAA61AB0B0}
		{2ED7E492-2FB6-388C-9D1E-130B1217C6D2} = {2ED7E492-2FB6-388C-9D1E-130B1217C6D2}
		{B7EA3436-145A-37A3-AA8D-BC694C9B1F69} = {B7EA3436-145A-37A3-AA8D-BC694C9B1F69}
		{2989009F-683B-3056-8726-9FD2005880A4} = {2989009F-683B-3056-8726-9FD2005880A4}
		{3A6D7D6B-49DD-3272-BFC0-C2C7CE79700E} = {3A6D7D6B-49DD-3272-BFC0-C2C7CE79700E}
		{578E90C5-8F5A-30F3-941F-F2E2338D1012} = {578E90C5-8F5A-30F3-941F-F2E2338D1012}
	EndProjectSection
EndProject
Project("{8BC9CEB8-8B4A-11D0-8D11-00A0C91BC942}") = "opencv_face", "..\face\opencv_face.vcxproj", "{0FF960EF-16E1-3DF1-B2EC-59642C7C911F}"
	ProjectSection(ProjectDependencies) = postProject
		{19254E1A-0B62-37BB-9EDC-AAF2CE8801AD} = {19254E1A-0B62-37BB-9EDC-AAF2CE8801AD}
		{5C9ECDC3-1FD9-39D9-846B-C8FEE3DDB7CD} = {5C9ECDC3-1FD9-39D9-846B-C8FEE3DDB7CD}
		{26820A44-4B84-3AD3-A82C-3BB5CC597915} = {26820A44-4B84-3AD3-A82C-3BB5CC597915}
		{F14C2E5E-E346-3B79-98B4-F42959690F06} = {F14C2E5E-E346-3B79-98B4-F42959690F06}
		{A78F35E9-AA3E-3148-ACC4-8DFAA61AB0B0} = {A78F35E9-AA3E-3148-ACC4-8DFAA61AB0B0}
		{2989009F-683B-3056-8726-9FD2005880A4} = {2989009F-683B-3056-8726-9FD2005880A4}
		{3A6D7D6B-49DD-3272-BFC0-C2C7CE79700E} = {3A6D7D6B-49DD-3272-BFC0-C2C7CE79700E}
		{00A0B2A6-6CA2-3361-B74D-F978A64848AC} = {00A0B2A6-6CA2-3361-B74D-F978A64848AC}
	EndProjectSection
EndProject
Project("{8BC9CEB8-8B4A-11D0-8D11-00A0C91BC942}") = "opencv_features2d", "..\features2d\opencv_features2d.vcxproj", "{F14C2E5E-E346-3B79-98B4-F42959690F06}"
	ProjectSection(ProjectDependencies) = postProject
		{19254E1A-0B62-37BB-9EDC-AAF2CE8801AD} = {19254E1A-0B62-37BB-9EDC-AAF2CE8801AD}
		{26820A44-4B84-3AD3-A82C-3BB5CC597915} = {26820A44-4B84-3AD3-A82C-3BB5CC597915}
		{A78F35E9-AA3E-3148-ACC4-8DFAA61AB0B0} = {A78F35E9-AA3E-3148-ACC4-8DFAA61AB0B0}
		{2989009F-683B-3056-8726-9FD2005880A4} = {2989009F-683B-3056-8726-9FD2005880A4}
	EndProjectSection
EndProject
Project("{8BC9CEB8-8B4A-11D0-8D11-00A0C91BC942}") = "opencv_flann", "..\flann\opencv_flann.vcxproj", "{A78F35E9-AA3E-3148-ACC4-8DFAA61AB0B0}"
	ProjectSection(ProjectDependencies) = postProject
		{19254E1A-0B62-37BB-9EDC-AAF2CE8801AD} = {19254E1A-0B62-37BB-9EDC-AAF2CE8801AD}
		{26820A44-4B84-3AD3-A82C-3BB5CC597915} = {26820A44-4B84-3AD3-A82C-3BB5CC597915}
	EndProjectSection
EndProject
Project("{8BC9CEB8-8B4A-11D0-8D11-00A0C91BC942}") = "opencv_fuzzy", "..\fuzzy\opencv_fuzzy.vcxproj", "{492C840E-6DCA-39AA-A904-F363A3D9635E}"
	ProjectSection(ProjectDependencies) = postProject
		{19254E1A-0B62-37BB-9EDC-AAF2CE8801AD} = {19254E1A-0B62-37BB-9EDC-AAF2CE8801AD}
		{26820A44-4B84-3AD3-A82C-3BB5CC597915} = {26820A44-4B84-3AD3-A82C-3BB5CC597915}
		{2989009F-683B-3056-8726-9FD2005880A4} = {2989009F-683B-3056-8726-9FD2005880A4}
	EndProjectSection
EndProject
Project("{8BC9CEB8-8B4A-11D0-8D11-00A0C91BC942}") = "opencv_hfs", "..\hfs\opencv_hfs.vcxproj", "{FD095C9E-D34F-39FF-B496-A4CC5055BE6A}"
	ProjectSection(ProjectDependencies) = postProject
		{19254E1A-0B62-37BB-9EDC-AAF2CE8801AD} = {19254E1A-0B62-37BB-9EDC-AAF2CE8801AD}
		{26820A44-4B84-3AD3-A82C-3BB5CC597915} = {26820A44-4B84-3AD3-A82C-3BB5CC597915}
		{2989009F-683B-3056-8726-9FD2005880A4} = {2989009F-683B-3056-8726-9FD2005880A4}
	EndProjectSection
EndProject
Project("{8BC9CEB8-8B4A-11D0-8D11-00A0C91BC942}") = "opencv_highgui", "..\highgui\opencv_highgui.vcxproj", "{2ED7E492-2FB6-388C-9D1E-130B1217C6D2}"
	ProjectSection(ProjectDependencies) = postProject
		{19254E1A-0B62-37BB-9EDC-AAF2CE8801AD} = {19254E1A-0B62-37BB-9EDC-AAF2CE8801AD}
		{26820A44-4B84-3AD3-A82C-3BB5CC597915} = {26820A44-4B84-3AD3-A82C-3BB5CC597915}
		{B7EA3436-145A-37A3-AA8D-BC694C9B1F69} = {B7EA3436-145A-37A3-AA8D-BC694C9B1F69}
		{2989009F-683B-3056-8726-9FD2005880A4} = {2989009F-683B-3056-8726-9FD2005880A4}
		{578E90C5-8F5A-30F3-941F-F2E2338D1012} = {578E90C5-8F5A-30F3-941F-F2E2338D1012}
	EndProjectSection
EndProject
Project("{8BC9CEB8-8B4A-11D0-8D11-00A0C91BC942}") = "opencv_img_hash", "..\img_hash\opencv_img_hash.vcxproj", "{3081F05A-E05A-3819-B1A5-456BCF43F35F}"
	ProjectSection(ProjectDependencies) = postProject
		{19254E1A-0B62-37BB-9EDC-AAF2CE8801AD} = {19254E1A-0B62-37BB-9EDC-AAF2CE8801AD}
		{26820A44-4B84-3AD3-A82C-3BB5CC597915} = {26820A44-4B84-3AD3-A82C-3BB5CC597915}
		{2989009F-683B-3056-8726-9FD2005880A4} = {2989009F-683B-3056-8726-9FD2005880A4}
	EndProjectSection
EndProject
Project("{8BC9CEB8-8B4A-11D0-8D11-00A0C91BC942}") = "opencv_imgcodecs", "..\imgcodecs\opencv_imgcodecs.vcxproj", "{B7EA3436-145A-37A3-AA8D-BC694C9B1F69}"
	ProjectSection(ProjectDependencies) = postProject
		{19254E1A-0B62-37BB-9EDC-AAF2CE8801AD} = {19254E1A-0B62-37BB-9EDC-AAF2CE8801AD}
		{47342378-2353-3676-B3C4-08FAA8A166AD} = {47342378-2353-3676-B3C4-08FAA8A166AD}
		{2DDB8E6F-D6EE-3C12-A7E0-DBF3AB4F7CBA} = {2DDB8E6F-D6EE-3C12-A7E0-DBF3AB4F7CBA}
		{D8B0CAC0-8501-39BD-8731-3DE10779E5B9} = {D8B0CAC0-8501-39BD-8731-3DE10779E5B9}
		{7D1DBA4B-2AB5-3B2B-956D-BF17D4DFB1BE} = {7D1DBA4B-2AB5-3B2B-956D-BF17D4DFB1BE}
		{90082C75-5419-314D-B8C4-D9090F9293FA} = {90082C75-5419-314D-B8C4-D9090F9293FA}
		{26820A44-4B84-3AD3-A82C-3BB5CC597915} = {26820A44-4B84-3AD3-A82C-3BB5CC597915}
		{2989009F-683B-3056-8726-9FD2005880A4} = {2989009F-683B-3056-8726-9FD2005880A4}
		{62693FEB-1C7A-3AB0-9E05-73E003866D2C} = {62693FEB-1C7A-3AB0-9E05-73E003866D2C}
	EndProjectSection
EndProject
Project("{8BC9CEB8-8B4A-11D0-8D11-00A0C91BC942}") = "opencv_imgproc", "..\imgproc\opencv_imgproc.vcxproj", "{2989009F-683B-3056-8726-9FD2005880A4}"
	ProjectSection(ProjectDependencies) = postProject
		{19254E1A-0B62-37BB-9EDC-AAF2CE8801AD} = {19254E1A-0B62-37BB-9EDC-AAF2CE8801AD}
		{26820A44-4B84-3AD3-A82C-3BB5CC597915} = {26820A44-4B84-3AD3-A82C-3BB5CC597915}
	EndProjectSection
EndProject
Project("{8BC9CEB8-8B4A-11D0-8D11-00A0C91BC942}") = "opencv_intensity_transform", "..\intensity_transform\opencv_intensity_transform.vcxproj", "{4FE3D54B-B7FA-394C-9A39-D7F8DEDCD509}"
	ProjectSection(ProjectDependencies) = postProject
		{19254E1A-0B62-37BB-9EDC-AAF2CE8801AD} = {19254E1A-0B62-37BB-9EDC-AAF2CE8801AD}
		{26820A44-4B84-3AD3-A82C-3BB5CC597915} = {26820A44-4B84-3AD3-A82C-3BB5CC597915}
		{2989009F-683B-3056-8726-9FD2005880A4} = {2989009F-683B-3056-8726-9FD2005880A4}
	EndProjectSection
EndProject
Project("{8BC9CEB8-8B4A-11D0-8D11-00A0C91BC942}") = "opencv_line_descriptor", "..\line_descriptor\opencv_line_descriptor.vcxproj", "{F82D28A3-C1E1-354C-973E-00D6D193A8B3}"
	ProjectSection(ProjectDependencies) = postProject
		{19254E1A-0B62-37BB-9EDC-AAF2CE8801AD} = {19254E1A-0B62-37BB-9EDC-AAF2CE8801AD}
		{26820A44-4B84-3AD3-A82C-3BB5CC597915} = {26820A44-4B84-3AD3-A82C-3BB5CC597915}
		{F14C2E5E-E346-3B79-98B4-F42959690F06} = {F14C2E5E-E346-3B79-98B4-F42959690F06}
		{A78F35E9-AA3E-3148-ACC4-8DFAA61AB0B0} = {A78F35E9-AA3E-3148-ACC4-8DFAA61AB0B0}
		{2989009F-683B-3056-8726-9FD2005880A4} = {2989009F-683B-3056-8726-9FD2005880A4}
	EndProjectSection
EndProject
Project("{8BC9CEB8-8B4A-11D0-8D11-00A0C91BC942}") = "opencv_mcc", "..\mcc\opencv_mcc.vcxproj", "{347B0AA6-831F-3851-9DE6-D4C4A5437D10}"
	ProjectSection(ProjectDependencies) = postProject
		{19254E1A-0B62-37BB-9EDC-AAF2CE8801AD} = {19254E1A-0B62-37BB-9EDC-AAF2CE8801AD}
		{5C9ECDC3-1FD9-39D9-846B-C8FEE3DDB7CD} = {5C9ECDC3-1FD9-39D9-846B-C8FEE3DDB7CD}
		{26820A44-4B84-3AD3-A82C-3BB5CC597915} = {26820A44-4B84-3AD3-A82C-3BB5CC597915}
		{12AC3E54-987B-3E7C-9827-F96466F6173C} = {12AC3E54-987B-3E7C-9827-F96466F6173C}
		{F14C2E5E-E346-3B79-98B4-F42959690F06} = {F14C2E5E-E346-3B79-98B4-F42959690F06}
		{A78F35E9-AA3E-3148-ACC4-8DFAA61AB0B0} = {A78F35E9-AA3E-3148-ACC4-8DFAA61AB0B0}
		{2989009F-683B-3056-8726-9FD2005880A4} = {2989009F-683B-3056-8726-9FD2005880A4}
		{00A0B2A6-6CA2-3361-B74D-F978A64848AC} = {00A0B2A6-6CA2-3361-B74D-F978A64848AC}
	EndProjectSection
EndProject
Project("{8BC9CEB8-8B4A-11D0-8D11-00A0C91BC942}") = "opencv_ml", "..\ml\opencv_ml.vcxproj", "{3AF7BB57-9948-3095-AE53-06710B900D40}"
	ProjectSection(ProjectDependencies) = postProject
		{19254E1A-0B62-37BB-9EDC-AAF2CE8801AD} = {19254E1A-0B62-37BB-9EDC-AAF2CE8801AD}
		{26820A44-4B84-3AD3-A82C-3BB5CC597915} = {26820A44-4B84-3AD3-A82C-3BB5CC597915}
	EndProjectSection
EndProject
Project("{8BC9CEB8-8B4A-11D0-8D11-00A0C91BC942}") = "opencv_objdetect", "..\objdetect\opencv_objdetect.vcxproj", "{3A6D7D6B-49DD-3272-BFC0-C2C7CE79700E}"
	ProjectSection(ProjectDependencies) = postProject
		{19254E1A-0B62-37BB-9EDC-AAF2CE8801AD} = {19254E1A-0B62-37BB-9EDC-AAF2CE8801AD}
		{5C9ECDC3-1FD9-39D9-846B-C8FEE3DDB7CD} = {5C9ECDC3-1FD9-39D9-846B-C8FEE3DDB7CD}
		{26820A44-4B84-3AD3-A82C-3BB5CC597915} = {26820A44-4B84-3AD3-A82C-3BB5CC597915}
		{F14C2E5E-E346-3B79-98B4-F42959690F06} = {F14C2E5E-E346-3B79-98B4-F42959690F06}
		{A78F35E9-AA3E-3148-ACC4-8DFAA61AB0B0} = {A78F35E9-AA3E-3148-ACC4-8DFAA61AB0B0}
		{2989009F-683B-3056-8726-9FD2005880A4} = {2989009F-683B-3056-8726-9FD2005880A4}
		{DA58280A-03AA-348F-86EB-134754EEE00C} = {DA58280A-03AA-348F-86EB-134754EEE00C}
	EndProjectSection
EndProject
Project("{8BC9CEB8-8B4A-11D0-8D11-00A0C91BC942}") = "opencv_optflow", "..\optflow\opencv_optflow.vcxproj", "{6B6EE1C3-CFBA-3783-A93B-4FB59E8FD103}"
	ProjectSection(ProjectDependencies) = postProject
		{19254E1A-0B62-37BB-9EDC-AAF2CE8801AD} = {19254E1A-0B62-37BB-9EDC-AAF2CE8801AD}
		{5C9ECDC3-1FD9-39D9-846B-C8FEE3DDB7CD} = {5C9ECDC3-1FD9-39D9-846B-C8FEE3DDB7CD}
		{26820A44-4B84-3AD3-A82C-3BB5CC597915} = {26820A44-4B84-3AD3-A82C-3BB5CC597915}
		{F14C2E5E-E346-3B79-98B4-F42959690F06} = {F14C2E5E-E346-3B79-98B4-F42959690F06}
		{A78F35E9-AA3E-3148-ACC4-8DFAA61AB0B0} = {A78F35E9-AA3E-3148-ACC4-8DFAA61AB0B0}
		{B7EA3436-145A-37A3-AA8D-BC694C9B1F69} = {B7EA3436-145A-37A3-AA8D-BC694C9B1F69}
		{2989009F-683B-3056-8726-9FD2005880A4} = {2989009F-683B-3056-8726-9FD2005880A4}
		{9166A05A-43E2-3C3F-BA39-68771B02C655} = {9166A05A-43E2-3C3F-BA39-68771B02C655}
		{C78DEF6E-D1B2-3DBA-B679-B31856053798} = {C78DEF6E-D1B2-3DBA-B679-B31856053798}
	EndProjectSection
EndProject
Project("{8BC9CEB8-8B4A-11D0-8D11-00A0C91BC942}") = "opencv_phase_unwrapping", "..\phase_unwrapping\opencv_phase_unwrapping.vcxproj", "{474831F6-E716-3A91-8967-D3558199F70F}"
	ProjectSection(ProjectDependencies) = postProject
		{19254E1A-0B62-37BB-9EDC-AAF2CE8801AD} = {19254E1A-0B62-37BB-9EDC-AAF2CE8801AD}
		{26820A44-4B84-3AD3-A82C-3BB5CC597915} = {26820A44-4B84-3AD3-A82C-3BB5CC597915}
		{2989009F-683B-3056-8726-9FD2005880A4} = {2989009F-683B-3056-8726-9FD2005880A4}
	EndProjectSection
EndProject
Project("{8BC9CEB8-8B4A-11D0-8D11-00A0C91BC942}") = "opencv_photo", "..\photo\opencv_photo.vcxproj", "{00A0B2A6-6CA2-3361-B74D-F978A64848AC}"
	ProjectSection(ProjectDependencies) = postProject
		{19254E1A-0B62-37BB-9EDC-AAF2CE8801AD} = {19254E1A-0B62-37BB-9EDC-AAF2CE8801AD}
		{26820A44-4B84-3AD3-A82C-3BB5CC597915} = {26820A44-4B84-3AD3-A82C-3BB5CC597915}
		{2989009F-683B-3056-8726-9FD2005880A4} = {2989009F-683B-3056-8726-9FD2005880A4}
	EndProjectSection
EndProject
Project("{8BC9CEB8-8B4A-11D0-8D11-00A0C91BC942}") = "opencv_plot", "..\plot\opencv_plot.vcxproj", "{B735B667-A814-393C-A5B8-8A854022798A}"
	ProjectSection(ProjectDependencies) = postProject
		{19254E1A-0B62-37BB-9EDC-AAF2CE8801AD} = {19254E1A-0B62-37BB-9EDC-AAF2CE8801AD}
		{26820A44-4B84-3AD3-A82C-3BB5CC597915} = {26820A44-4B84-3AD3-A82C-3BB5CC597915}
		{2989009F-683B-3056-8726-9FD2005880A4} = {2989009F-683B-3056-8726-9FD2005880A4}
	EndProjectSection
EndProject
Project("{8BC9CEB8-8B4A-11D0-8D11-00A0C91BC942}") = "opencv_python3", "opencv_python3.vcxproj", "{A0BA2F98-A9ED-37E7-A9C0-4F3EC2734266}"
	ProjectSection(ProjectDependencies) = postProject
		{19254E1A-0B62-37BB-9EDC-AAF2CE8801AD} = {19254E1A-0B62-37BB-9EDC-AAF2CE8801AD}
		{F6B12F78-BA5C-3C61-AFFC-1D79CA6ACCBD} = {F6B12F78-BA5C-3C61-AFFC-1D79CA6ACCBD}
		{BE012749-951B-37E7-BDD0-CD599D5F93C5} = {BE012749-951B-37E7-BDD0-CD599D5F93C5}
		{D4947004-156E-3817-9062-B53D4CD172E3} = {D4947004-156E-3817-9062-B53D4CD172E3}
		{DE6CB7B2-66D8-33AC-888C-F217058E1BA8} = {DE6CB7B2-66D8-33AC-888C-F217058E1BA8}
		{5C9ECDC3-1FD9-39D9-846B-C8FEE3DDB7CD} = {5C9ECDC3-1FD9-39D9-846B-C8FEE3DDB7CD}
		{1BA49390-E53F-3A1C-9D3B-A36C6E41C629} = {1BA49390-E53F-3A1C-9D3B-A36C6E41C629}
		{26820A44-4B84-3AD3-A82C-3BB5CC597915} = {26820A44-4B84-3AD3-A82C-3BB5CC597915}
		{09FEF1CD-E6DE-347F-B5CB-0475A3D441A8} = {09FEF1CD-E6DE-347F-B5CB-0475A3D441A8}
		{12AC3E54-987B-3E7C-9827-F96466F6173C} = {12AC3E54-987B-3E7C-9827-F96466F6173C}
		{F57D212D-099B-32DC-8407-5A725F3E1429} = {F57D212D-099B-32DC-8407-5A725F3E1429}
		{DF5164BE-DD2F-3397-80B7-4393533D4AAA} = {DF5164BE-DD2F-3397-80B7-4393533D4AAA}
		{0FF960EF-16E1-3DF1-B2EC-59642C7C911F} = {0FF960EF-16E1-3DF1-B2EC-59642C7C911F}
		{F14C2E5E-E346-3B79-98B4-F42959690F06} = {F14C2E5E-E346-3B79-98B4-F42959690F06}
		{A78F35E9-AA3E-3148-ACC4-8DFAA61AB0B0} = {A78F35E9-AA3E-3148-ACC4-8DFAA61AB0B0}
		{492C840E-6DCA-39AA-A904-F363A3D9635E} = {492C840E-6DCA-39AA-A904-F363A3D9635E}
		{FD095C9E-D34F-39FF-B496-A4CC5055BE6A} = {FD095C9E-D34F-39FF-B496-A4CC5055BE6A}
		{2ED7E492-2FB6-388C-9D1E-130B1217C6D2} = {2ED7E492-2FB6-388C-9D1E-130B1217C6D2}
		{3081F05A-E05A-3819-B1A5-456BCF43F35F} = {3081F05A-E05A-3819-B1A5-456BCF43F35F}
		{B7EA3436-145A-37A3-AA8D-BC694C9B1F69} = {B7EA3436-145A-37A3-AA8D-BC694C9B1F69}
		{2989009F-683B-3056-8726-9FD2005880A4} = {2989009F-683B-3056-8726-9FD2005880A4}
		{4FE3D54B-B7FA-394C-9A39-D7F8DEDCD509} = {4FE3D54B-B7FA-394C-9A39-D7F8DEDCD509}
		{F82D28A3-C1E1-354C-973E-00D6D193A8B3} = {F82D28A3-C1E1-354C-973E-00D6D193A8B3}
		{347B0AA6-831F-3851-9DE6-D4C4A5437D10} = {347B0AA6-831F-3851-9DE6-D4C4A5437D10}
		{3AF7BB57-9948-3095-AE53-06710B900D40} = {3AF7BB57-9948-3095-AE53-06710B900D40}
		{3A6D7D6B-49DD-3272-BFC0-C2C7CE79700E} = {3A6D7D6B-49DD-3272-BFC0-C2C7CE79700E}
		{6B6EE1C3-CFBA-3783-A93B-4FB59E8FD103} = {6B6EE1C3-CFBA-3783-A93B-4FB59E8FD103}
		{474831F6-E716-3A91-8967-D3558199F70F} = {474831F6-E716-3A91-8967-D3558199F70F}
		{00A0B2A6-6CA2-3361-B74D-F978A64848AC} = {00A0B2A6-6CA2-3361-B74D-F978A64848AC}
		{B735B667-A814-393C-A5B8-8A854022798A} = {B735B667-A814-393C-A5B8-8A854022798A}
		{4F6B75A1-8CE8-31D4-88DA-1C4E39FF1D61} = {4F6B75A1-8CE8-31D4-88DA-1C4E39FF1D61}
		{264053B9-835D-31D5-8805-54D9F01632E5} = {264053B9-835D-31D5-8805-54D9F01632E5}
		{69744111-C0E0-3780-A09F-5064A2FACD85} = {69744111-C0E0-3780-A09F-5064A2FACD85}
		{7F6644B1-6B0C-31BA-8FD3-C3145E2D9473} = {7F6644B1-6B0C-31BA-8FD3-C3145E2D9473}
		{5D531023-AB5A-35A3-AB75-98DBC0218BB4} = {5D531023-AB5A-35A3-AB75-98DBC0218BB4}
		{D81074F2-99DD-331D-944B-2761CF8FB16F} = {D81074F2-99DD-331D-944B-2761CF8FB16F}
		{68559562-02B3-3A75-81E2-87A21AC27875} = {68559562-02B3-3A75-81E2-87A21AC27875}
		{505B1764-3AE2-3C9F-BDF1-5B65242E3F98} = {505B1764-3AE2-3C9F-BDF1-5B65242E3F98}
		{503C26DA-D50C-33F3-B49B-D978EB7C330C} = {503C26DA-D50C-33F3-B49B-D978EB7C330C}
		{6AD12E8E-016A-39FC-9CD3-98D88B14B6DF} = {6AD12E8E-016A-39FC-9CD3-98D88B14B6DF}
		{082C0E89-FF1B-3ACF-B33E-2C6C17B98D82} = {082C0E89-FF1B-3ACF-B33E-2C6C17B98D82}
		{367FB96A-84C2-34A9-A86D-5A4B1112490B} = {367FB96A-84C2-34A9-A86D-5A4B1112490B}
		{9166A05A-43E2-3C3F-BA39-68771B02C655} = {9166A05A-43E2-3C3F-BA39-68771B02C655}
		{578E90C5-8F5A-30F3-941F-F2E2338D1012} = {578E90C5-8F5A-30F3-941F-F2E2338D1012}
		{D779D3D3-0C68-384F-AC2E-DBDCD4154A0D} = {D779D3D3-0C68-384F-AC2E-DBDCD4154A0D}
		{C4DAA04F-676A-3290-A597-059189FF356E} = {C4DAA04F-676A-3290-A597-059189FF356E}
		{C78DEF6E-D1B2-3DBA-B679-B31856053798} = {C78DEF6E-D1B2-3DBA-B679-B31856053798}
		{B2EEE319-574D-30EF-9944-96D7BA222EE0} = {B2EEE319-574D-30EF-9944-96D7BA222EE0}
		{589DB57E-C74E-3EB1-8FFA-D4DC1DEA9686} = {589DB57E-C74E-3EB1-8FFA-D4DC1DEA9686}
	EndProjectSection
EndProject
Project("{8BC9CEB8-8B4A-11D0-8D11-00A0C91BC942}") = "opencv_quality", "..\quality\opencv_quality.vcxproj", "{4F6B75A1-8CE8-31D4-88DA-1C4E39FF1D61}"
	ProjectSection(ProjectDependencies) = postProject
		{19254E1A-0B62-37BB-9EDC-AAF2CE8801AD} = {19254E1A-0B62-37BB-9EDC-AAF2CE8801AD}
		{26820A44-4B84-3AD3-A82C-3BB5CC597915} = {26820A44-4B84-3AD3-A82C-3BB5CC597915}
		{2989009F-683B-3056-8726-9FD2005880A4} = {2989009F-683B-3056-8726-9FD2005880A4}
		{3AF7BB57-9948-3095-AE53-06710B900D40} = {3AF7BB57-9948-3095-AE53-06710B900D40}
	EndProjectSection
EndProject
Project("{8BC9CEB8-8B4A-11D0-8D11-00A0C91BC942}") = "opencv_rapid", "..\rapid\opencv_rapid.vcxproj", "{264053B9-835D-31D5-8805-54D9F01632E5}"
	ProjectSection(ProjectDependencies) = postProject
		{19254E1A-0B62-37BB-9EDC-AAF2CE8801AD} = {19254E1A-0B62-37BB-9EDC-AAF2CE8801AD}
		{5C9ECDC3-1FD9-39D9-846B-C8FEE3DDB7CD} = {5C9ECDC3-1FD9-39D9-846B-C8FEE3DDB7CD}
		{26820A44-4B84-3AD3-A82C-3BB5CC597915} = {26820A44-4B84-3AD3-A82C-3BB5CC597915}
		{F14C2E5E-E346-3B79-98B4-F42959690F06} = {F14C2E5E-E346-3B79-98B4-F42959690F06}
		{A78F35E9-AA3E-3148-ACC4-8DFAA61AB0B0} = {A78F35E9-AA3E-3148-ACC4-8DFAA61AB0B0}
		{2989009F-683B-3056-8726-9FD2005880A4} = {2989009F-683B-3056-8726-9FD2005880A4}
	EndProjectSection
EndProject
Project("{8BC9CEB8-8B4A-11D0-8D11-00A0C91BC942}") = "opencv_reg", "..\reg\opencv_reg.vcxproj", "{69744111-C0E0-3780-A09F-5064A2FACD85}"
	ProjectSection(ProjectDependencies) = postProject
		{19254E1A-0B62-37BB-9EDC-AAF2CE8801AD} = {19254E1A-0B62-37BB-9EDC-AAF2CE8801AD}
		{26820A44-4B84-3AD3-A82C-3BB5CC597915} = {26820A44-4B84-3AD3-A82C-3BB5CC597915}
		{2989009F-683B-3056-8726-9FD2005880A4} = {2989009F-683B-3056-8726-9FD2005880A4}
	EndProjectSection
EndProject
Project("{8BC9CEB8-8B4A-11D0-8D11-00A0C91BC942}") = "opencv_rgbd", "..\rgbd\opencv_rgbd.vcxproj", "{7F6644B1-6B0C-31BA-8FD3-C3145E2D9473}"
	ProjectSection(ProjectDependencies) = postProject
		{19254E1A-0B62-37BB-9EDC-AAF2CE8801AD} = {19254E1A-0B62-37BB-9EDC-AAF2CE8801AD}
		{5C9ECDC3-1FD9-39D9-846B-C8FEE3DDB7CD} = {5C9ECDC3-1FD9-39D9-846B-C8FEE3DDB7CD}
		{26820A44-4B84-3AD3-A82C-3BB5CC597915} = {26820A44-4B84-3AD3-A82C-3BB5CC597915}
		{F14C2E5E-E346-3B79-98B4-F42959690F06} = {F14C2E5E-E346-3B79-98B4-F42959690F06}
		{A78F35E9-AA3E-3148-ACC4-8DFAA61AB0B0} = {A78F35E9-AA3E-3148-ACC4-8DFAA61AB0B0}
		{2989009F-683B-3056-8726-9FD2005880A4} = {2989009F-683B-3056-8726-9FD2005880A4}
	EndProjectSection
EndProject
Project("{8BC9CEB8-8B4A-11D0-8D11-00A0C91BC942}") = "opencv_saliency", "..\saliency\opencv_saliency.vcxproj", "{5D531023-AB5A-35A3-AB75-98DBC0218BB4}"
	ProjectSection(ProjectDependencies) = postProject
		{19254E1A-0B62-37BB-9EDC-AAF2CE8801AD} = {19254E1A-0B62-37BB-9EDC-AAF2CE8801AD}
		{26820A44-4B84-3AD3-A82C-3BB5CC597915} = {26820A44-4B84-3AD3-A82C-3BB5CC597915}
		{F14C2E5E-E346-3B79-98B4-F42959690F06} = {F14C2E5E-E346-3B79-98B4-F42959690F06}
		{A78F35E9-AA3E-3148-ACC4-8DFAA61AB0B0} = {A78F35E9-AA3E-3148-ACC4-8DFAA61AB0B0}
		{2989009F-683B-3056-8726-9FD2005880A4} = {2989009F-683B-3056-8726-9FD2005880A4}
	EndProjectSection
EndProject
Project("{8BC9CEB8-8B4A-11D0-8D11-00A0C91BC942}") = "opencv_shape", "..\shape\opencv_shape.vcxproj", "{D81074F2-99DD-331D-944B-2761CF8FB16F}"
	ProjectSection(ProjectDependencies) = postProject
		{19254E1A-0B62-37BB-9EDC-AAF2CE8801AD} = {19254E1A-0B62-37BB-9EDC-AAF2CE8801AD}
		{5C9ECDC3-1FD9-39D9-846B-C8FEE3DDB7CD} = {5C9ECDC3-1FD9-39D9-846B-C8FEE3DDB7CD}
		{26820A44-4B84-3AD3-A82C-3BB5CC597915} = {26820A44-4B84-3AD3-A82C-3BB5CC597915}
		{F14C2E5E-E346-3B79-98B4-F42959690F06} = {F14C2E5E-E346-3B79-98B4-F42959690F06}
		{A78F35E9-AA3E-3148-ACC4-8DFAA61AB0B0} = {A78F35E9-AA3E-3148-ACC4-8DFAA61AB0B0}
		{2989009F-683B-3056-8726-9FD2005880A4} = {2989009F-683B-3056-8726-9FD2005880A4}
	EndProjectSection
EndProject
Project("{8BC9CEB8-8B4A-11D0-8D11-00A0C91BC942}") = "opencv_stitching", "..\stitching\opencv_stitching.vcxproj", "{68559562-02B3-3A75-81E2-87A21AC27875}"
	ProjectSection(ProjectDependencies) = postProject
		{19254E1A-0B62-37BB-9EDC-AAF2CE8801AD} = {19254E1A-0B62-37BB-9EDC-AAF2CE8801AD}
		{5C9ECDC3-1FD9-39D9-846B-C8FEE3DDB7CD} = {5C9ECDC3-1FD9-39D9-846B-C8FEE3DDB7CD}
		{26820A44-4B84-3AD3-A82C-3BB5CC597915} = {26820A44-4B84-3AD3-A82C-3BB5CC597915}
		{F14C2E5E-E346-3B79-98B4-F42959690F06} = {F14C2E5E-E346-3B79-98B4-F42959690F06}
		{A78F35E9-AA3E-3148-ACC4-8DFAA61AB0B0} = {A78F35E9-AA3E-3148-ACC4-8DFAA61AB0B0}
		{2989009F-683B-3056-8726-9FD2005880A4} = {2989009F-683B-3056-8726-9FD2005880A4}
		{3AF7BB57-9948-3095-AE53-06710B900D40} = {3AF7BB57-9948-3095-AE53-06710B900D40}
		{D81074F2-99DD-331D-944B-2761CF8FB16F} = {D81074F2-99DD-331D-944B-2761CF8FB16F}
		{C4DAA04F-676A-3290-A597-059189FF356E} = {C4DAA04F-676A-3290-A597-059189FF356E}
	EndProjectSection
EndProject
Project("{8BC9CEB8-8B4A-11D0-8D11-00A0C91BC942}") = "opencv_structured_light", "..\structured_light\opencv_structured_light.vcxproj", "{505B1764-3AE2-3C9F-BDF1-5B65242E3F98}"
	ProjectSection(ProjectDependencies) = postProject
		{19254E1A-0B62-37BB-9EDC-AAF2CE8801AD} = {19254E1A-0B62-37BB-9EDC-AAF2CE8801AD}
		{5C9ECDC3-1FD9-39D9-846B-C8FEE3DDB7CD} = {5C9ECDC3-1FD9-39D9-846B-C8FEE3DDB7CD}
		{26820A44-4B84-3AD3-A82C-3BB5CC597915} = {26820A44-4B84-3AD3-A82C-3BB5CC597915}
		{F14C2E5E-E346-3B79-98B4-F42959690F06} = {F14C2E5E-E346-3B79-98B4-F42959690F06}
		{A78F35E9-AA3E-3148-ACC4-8DFAA61AB0B0} = {A78F35E9-AA3E-3148-ACC4-8DFAA61AB0B0}
		{2989009F-683B-3056-8726-9FD2005880A4} = {2989009F-683B-3056-8726-9FD2005880A4}
		{474831F6-E716-3A91-8967-D3558199F70F} = {474831F6-E716-3A91-8967-D3558199F70F}
	EndProjectSection
EndProject
Project("{8BC9CEB8-8B4A-11D0-8D11-00A0C91BC942}") = "opencv_superres", "..\superres\opencv_superres.vcxproj", "{503C26DA-D50C-33F3-B49B-D978EB7C330C}"
	ProjectSection(ProjectDependencies) = postProject
		{19254E1A-0B62-37BB-9EDC-AAF2CE8801AD} = {19254E1A-0B62-37BB-9EDC-AAF2CE8801AD}
		{5C9ECDC3-1FD9-39D9-846B-C8FEE3DDB7CD} = {5C9ECDC3-1FD9-39D9-846B-C8FEE3DDB7CD}
		{26820A44-4B84-3AD3-A82C-3BB5CC597915} = {26820A44-4B84-3AD3-A82C-3BB5CC597915}
		{F14C2E5E-E346-3B79-98B4-F42959690F06} = {F14C2E5E-E346-3B79-98B4-F42959690F06}
		{A78F35E9-AA3E-3148-ACC4-8DFAA61AB0B0} = {A78F35E9-AA3E-3148-ACC4-8DFAA61AB0B0}
		{B7EA3436-145A-37A3-AA8D-BC694C9B1F69} = {B7EA3436-145A-37A3-AA8D-BC694C9B1F69}
		{2989009F-683B-3056-8726-9FD2005880A4} = {2989009F-683B-3056-8726-9FD2005880A4}
		{6B6EE1C3-CFBA-3783-A93B-4FB59E8FD103} = {6B6EE1C3-CFBA-3783-A93B-4FB59E8FD103}
		{9166A05A-43E2-3C3F-BA39-68771B02C655} = {9166A05A-43E2-3C3F-BA39-68771B02C655}
		{578E90C5-8F5A-30F3-941F-F2E2338D1012} = {578E90C5-8F5A-30F3-941F-F2E2338D1012}
		{C78DEF6E-D1B2-3DBA-B679-B31856053798} = {C78DEF6E-D1B2-3DBA-B679-B31856053798}
	EndProjectSection
EndProject
Project("{8BC9CEB8-8B4A-11D0-8D11-00A0C91BC942}") = "opencv_surface_matching", "..\surface_matching\opencv_surface_matching.vcxproj", "{6AD12E8E-016A-39FC-9CD3-98D88B14B6DF}"
	ProjectSection(ProjectDependencies) = postProject
		{19254E1A-0B62-37BB-9EDC-AAF2CE8801AD} = {19254E1A-0B62-37BB-9EDC-AAF2CE8801AD}
		{26820A44-4B84-3AD3-A82C-3BB5CC597915} = {26820A44-4B84-3AD3-A82C-3BB5CC597915}
		{A78F35E9-AA3E-3148-ACC4-8DFAA61AB0B0} = {A78F35E9-AA3E-3148-ACC4-8DFAA61AB0B0}
	EndProjectSection
EndProject
Project("{8BC9CEB8-8B4A-11D0-8D11-00A0C91BC942}") = "opencv_text", "..\text\opencv_text.vcxproj", "{082C0E89-FF1B-3ACF-B33E-2C6C17B98D82}"
	ProjectSection(ProjectDependencies) = postProject
		{19254E1A-0B62-37BB-9EDC-AAF2CE8801AD} = {19254E1A-0B62-37BB-9EDC-AAF2CE8801AD}
		{26820A44-4B84-3AD3-A82C-3BB5CC597915} = {26820A44-4B84-3AD3-A82C-3BB5CC597915}
		{12AC3E54-987B-3E7C-9827-F96466F6173C} = {12AC3E54-987B-3E7C-9827-F96466F6173C}
		{F14C2E5E-E346-3B79-98B4-F42959690F06} = {F14C2E5E-E346-3B79-98B4-F42959690F06}
		{A78F35E9-AA3E-3148-ACC4-8DFAA61AB0B0} = {A78F35E9-AA3E-3148-ACC4-8DFAA61AB0B0}
		{2989009F-683B-3056-8726-9FD2005880A4} = {2989009F-683B-3056-8726-9FD2005880A4}
		{3AF7BB57-9948-3095-AE53-06710B900D40} = {3AF7BB57-9948-3095-AE53-06710B900D40}
	EndProjectSection
EndProject
Project("{8BC9CEB8-8B4A-11D0-8D11-00A0C91BC942}") = "opencv_tracking", "..\tracking\opencv_tracking.vcxproj", "{367FB96A-84C2-34A9-A86D-5A4B1112490B}"
	ProjectSection(ProjectDependencies) = postProject
		{19254E1A-0B62-37BB-9EDC-AAF2CE8801AD} = {19254E1A-0B62-37BB-9EDC-AAF2CE8801AD}
		{5C9ECDC3-1FD9-39D9-846B-C8FEE3DDB7CD} = {5C9ECDC3-1FD9-39D9-846B-C8FEE3DDB7CD}
		{26820A44-4B84-3AD3-A82C-3BB5CC597915} = {26820A44-4B84-3AD3-A82C-3BB5CC597915}
		{09FEF1CD-E6DE-347F-B5CB-0475A3D441A8} = {09FEF1CD-E6DE-347F-B5CB-0475A3D441A8}
		{12AC3E54-987B-3E7C-9827-F96466F6173C} = {12AC3E54-987B-3E7C-9827-F96466F6173C}
		{F14C2E5E-E346-3B79-98B4-F42959690F06} = {F14C2E5E-E346-3B79-98B4-F42959690F06}
		{A78F35E9-AA3E-3148-ACC4-8DFAA61AB0B0} = {A78F35E9-AA3E-3148-ACC4-8DFAA61AB0B0}
		{B7EA3436-145A-37A3-AA8D-BC694C9B1F69} = {B7EA3436-145A-37A3-AA8D-BC694C9B1F69}
		{2989009F-683B-3056-8726-9FD2005880A4} = {2989009F-683B-3056-8726-9FD2005880A4}
		{3AF7BB57-9948-3095-AE53-06710B900D40} = {3AF7BB57-9948-3095-AE53-06710B900D40}
		{B735B667-A814-393C-A5B8-8A854022798A} = {B735B667-A814-393C-A5B8-8A854022798A}
		{082C0E89-FF1B-3ACF-B33E-2C6C17B98D82} = {082C0E89-FF1B-3ACF-B33E-2C6C17B98D82}
		{9166A05A-43E2-3C3F-BA39-68771B02C655} = {9166A05A-43E2-3C3F-BA39-68771B02C655}
	EndProjectSection
EndProject
Project("{8BC9CEB8-8B4A-11D0-8D11-00A0C91BC942}") = "opencv_video", "..\video\opencv_video.vcxproj", "{9166A05A-43E2-3C3F-BA39-68771B02C655}"
	ProjectSection(ProjectDependencies) = postProject
		{19254E1A-0B62-37BB-9EDC-AAF2CE8801AD} = {19254E1A-0B62-37BB-9EDC-AAF2CE8801AD}
		{5C9ECDC3-1FD9-39D9-846B-C8FEE3DDB7CD} = {5C9ECDC3-1FD9-39D9-846B-C8FEE3DDB7CD}
		{26820A44-4B84-3AD3-A82C-3BB5CC597915} = {26820A44-4B84-3AD3-A82C-3BB5CC597915}
		{F14C2E5E-E346-3B79-98B4-F42959690F06} = {F14C2E5E-E346-3B79-98B4-F42959690F06}
		{A78F35E9-AA3E-3148-ACC4-8DFAA61AB0B0} = {A78F35E9-AA3E-3148-ACC4-8DFAA61AB0B0}
		{2989009F-683B-3056-8726-9FD2005880A4} = {2989009F-683B-3056-8726-9FD2005880A4}
	EndProjectSection
EndProject
Project("{8BC9CEB8-8B4A-11D0-8D11-00A0C91BC942}") = "opencv_videoio", "..\videoio\opencv_videoio.vcxproj", "{578E90C5-8F5A-30F3-941F-F2E2338D1012}"
	ProjectSection(ProjectDependencies) = postProject
		{19254E1A-0B62-37BB-9EDC-AAF2CE8801AD} = {19254E1A-0B62-37BB-9EDC-AAF2CE8801AD}
		{26820A44-4B84-3AD3-A82C-3BB5CC597915} = {26820A44-4B84-3AD3-A82C-3BB5CC597915}
		{B7EA3436-145A-37A3-AA8D-BC694C9B1F69} = {B7EA3436-145A-37A3-AA8D-BC694C9B1F69}
		{2989009F-683B-3056-8726-9FD2005880A4} = {2989009F-683B-3056-8726-9FD2005880A4}
	EndProjectSection
EndProject
Project("{8BC9CEB8-8B4A-11D0-8D11-00A0C91BC942}") = "opencv_videostab", "..\videostab\opencv_videostab.vcxproj", "{D779D3D3-0C68-384F-AC2E-DBDCD4154A0D}"
	ProjectSection(ProjectDependencies) = postProject
		{19254E1A-0B62-37BB-9EDC-AAF2CE8801AD} = {19254E1A-0B62-37BB-9EDC-AAF2CE8801AD}
		{5C9ECDC3-1FD9-39D9-846B-C8FEE3DDB7CD} = {5C9ECDC3-1FD9-39D9-846B-C8FEE3DDB7CD}
		{26820A44-4B84-3AD3-A82C-3BB5CC597915} = {26820A44-4B84-3AD3-A82C-3BB5CC597915}
		{F14C2E5E-E346-3B79-98B4-F42959690F06} = {F14C2E5E-E346-3B79-98B4-F42959690F06}
		{A78F35E9-AA3E-3148-ACC4-8DFAA61AB0B0} = {A78F35E9-AA3E-3148-ACC4-8DFAA61AB0B0}
		{B7EA3436-145A-37A3-AA8D-BC694C9B1F69} = {B7EA3436-145A-37A3-AA8D-BC694C9B1F69}
		{2989009F-683B-3056-8726-9FD2005880A4} = {2989009F-683B-3056-8726-9FD2005880A4}
		{00A0B2A6-6CA2-3361-B74D-F978A64848AC} = {00A0B2A6-6CA2-3361-B74D-F978A64848AC}
		{9166A05A-43E2-3C3F-BA39-68771B02C655} = {9166A05A-43E2-3C3F-BA39-68771B02C655}
		{578E90C5-8F5A-30F3-941F-F2E2338D1012} = {578E90C5-8F5A-30F3-941F-F2E2338D1012}
	EndProjectSection
EndProject
Project("{8BC9CEB8-8B4A-11D0-8D11-00A0C91BC942}") = "opencv_xfeatures2d", "..\xfeatures2d\opencv_xfeatures2d.vcxproj", "{C4DAA04F-676A-3290-A597-059189FF356E}"
	ProjectSection(ProjectDependencies) = postProject
		{19254E1A-0B62-37BB-9EDC-AAF2CE8801AD} = {19254E1A-0B62-37BB-9EDC-AAF2CE8801AD}
		{5C9ECDC3-1FD9-39D9-846B-C8FEE3DDB7CD} = {5C9ECDC3-1FD9-39D9-846B-C8FEE3DDB7CD}
		{26820A44-4B84-3AD3-A82C-3BB5CC597915} = {26820A44-4B84-3AD3-A82C-3BB5CC597915}
		{F14C2E5E-E346-3B79-98B4-F42959690F06} = {F14C2E5E-E346-3B79-98B4-F42959690F06}
		{A78F35E9-AA3E-3148-ACC4-8DFAA61AB0B0} = {A78F35E9-AA3E-3148-ACC4-8DFAA61AB0B0}
		{2989009F-683B-3056-8726-9FD2005880A4} = {2989009F-683B-3056-8726-9FD2005880A4}
		{3AF7BB57-9948-3095-AE53-06710B900D40} = {3AF7BB57-9948-3095-AE53-06710B900D40}
		{D81074F2-99DD-331D-944B-2761CF8FB16F} = {D81074F2-99DD-331D-944B-2761CF8FB16F}
	EndProjectSection
EndProject
Project("{8BC9CEB8-8B4A-11D0-8D11-00A0C91BC942}") = "opencv_ximgproc", "..\ximgproc\opencv_ximgproc.vcxproj", "{C78DEF6E-D1B2-3DBA-B679-B31856053798}"
	ProjectSection(ProjectDependencies) = postProject
		{19254E1A-0B62-37BB-9EDC-AAF2CE8801AD} = {19254E1A-0B62-37BB-9EDC-AAF2CE8801AD}
		{5C9ECDC3-1FD9-39D9-846B-C8FEE3DDB7CD} = {5C9ECDC3-1FD9-39D9-846B-C8FEE3DDB7CD}
		{26820A44-4B84-3AD3-A82C-3BB5CC597915} = {26820A44-4B84-3AD3-A82C-3BB5CC597915}
		{F14C2E5E-E346-3B79-98B4-F42959690F06} = {F14C2E5E-E346-3B79-98B4-F42959690F06}
		{A78F35E9-AA3E-3148-ACC4-8DFAA61AB0B0} = {A78F35E9-AA3E-3148-ACC4-8DFAA61AB0B0}
		{B7EA3436-145A-37A3-AA8D-BC694C9B1F69} = {B7EA3436-145A-37A3-AA8D-BC694C9B1F69}
		{2989009F-683B-3056-8726-9FD2005880A4} = {2989009F-683B-3056-8726-9FD2005880A4}
		{9166A05A-43E2-3C3F-BA39-68771B02C655} = {9166A05A-43E2-3C3F-BA39-68771B02C655}
	EndProjectSection
EndProject
Project("{8BC9CEB8-8B4A-11D0-8D11-00A0C91BC942}") = "opencv_xobjdetect", "..\xobjdetect\opencv_xobjdetect.vcxproj", "{B2EEE319-574D-30EF-9944-96D7BA222EE0}"
	ProjectSection(ProjectDependencies) = postProject
		{19254E1A-0B62-37BB-9EDC-AAF2CE8801AD} = {19254E1A-0B62-37BB-9EDC-AAF2CE8801AD}
		{5C9ECDC3-1FD9-39D9-846B-C8FEE3DDB7CD} = {5C9ECDC3-1FD9-39D9-846B-C8FEE3DDB7CD}
		{26820A44-4B84-3AD3-A82C-3BB5CC597915} = {26820A44-4B84-3AD3-A82C-3BB5CC597915}
		{F14C2E5E-E346-3B79-98B4-F42959690F06} = {F14C2E5E-E346-3B79-98B4-F42959690F06}
		{A78F35E9-AA3E-3148-ACC4-8DFAA61AB0B0} = {A78F35E9-AA3E-3148-ACC4-8DFAA61AB0B0}
		{B7EA3436-145A-37A3-AA8D-BC694C9B1F69} = {B7EA3436-145A-37A3-AA8D-BC694C9B1F69}
		{2989009F-683B-3056-8726-9FD2005880A4} = {2989009F-683B-3056-8726-9FD2005880A4}
		{3A6D7D6B-49DD-3272-BFC0-C2C7CE79700E} = {3A6D7D6B-49DD-3272-BFC0-C2C7CE79700E}
	EndProjectSection
EndProject
Project("{8BC9CEB8-8B4A-11D0-8D11-00A0C91BC942}") = "opencv_xphoto", "..\xphoto\opencv_xphoto.vcxproj", "{589DB57E-C74E-3EB1-8FFA-D4DC1DEA9686}"
	ProjectSection(ProjectDependencies) = postProject
		{19254E1A-0B62-37BB-9EDC-AAF2CE8801AD} = {19254E1A-0B62-37BB-9EDC-AAF2CE8801AD}
		{26820A44-4B84-3AD3-A82C-3BB5CC597915} = {26820A44-4B84-3AD3-A82C-3BB5CC597915}
		{2989009F-683B-3056-8726-9FD2005880A4} = {2989009F-683B-3056-8726-9FD2005880A4}
		{00A0B2A6-6CA2-3361-B74D-F978A64848AC} = {00A0B2A6-6CA2-3361-B74D-F978A64848AC}
	EndProjectSection
EndProject
Project("{8BC9CEB8-8B4A-11D0-8D11-00A0C91BC942}") = "quirc", "..\..\3rdparty\quirc\quirc.vcxproj", "{DA58280A-03AA-348F-86EB-134754EEE00C}"
	ProjectSection(ProjectDependencies) = postProject
		{19254E1A-0B62-37BB-9EDC-AAF2CE8801AD} = {19254E1A-0B62-37BB-9EDC-AAF2CE8801AD}
	EndProjectSection
EndProject
Project("{8BC9CEB8-8B4A-11D0-8D11-00A0C91BC942}") = "zlib", "..\..\3rdparty\zlib\zlib.vcxproj", "{62693FEB-1C7A-3AB0-9E05-73E003866D2C}"
	ProjectSection(ProjectDependencies) = postProject
		{19254E1A-0B62-37BB-9EDC-AAF2CE8801AD} = {19254E1A-0B62-37BB-9EDC-AAF2CE8801AD}
	EndProjectSection
EndProject
Global
	GlobalSection(SolutionConfigurationPlatforms) = preSolution
		Debug|x64 = Debug|x64
		Release|x64 = Release|x64
	EndGlobalSection
	GlobalSection(ProjectConfigurationPlatforms) = postSolution
		{DA189172-5FE9-3F2F-BA0D-C85F6B05940E}.Debug|x64.ActiveCfg = Debug|x64
		{DA189172-5FE9-3F2F-BA0D-C85F6B05940E}.Debug|x64.Build.0 = Debug|x64
		{DA189172-5FE9-3F2F-BA0D-C85F6B05940E}.Release|x64.ActiveCfg = Release|x64
		{DA189172-5FE9-3F2F-BA0D-C85F6B05940E}.Release|x64.Build.0 = Release|x64
		{8F7C0823-DCB9-31BB-92B9-6F18B1AEA515}.Debug|x64.ActiveCfg = Debug|x64
		{8F7C0823-DCB9-31BB-92B9-6F18B1AEA515}.Release|x64.ActiveCfg = Release|x64
		{E92C879B-984C-3AF8-911F-A206D3ED7DD7}.Debug|x64.ActiveCfg = Debug|x64
		{E92C879B-984C-3AF8-911F-A206D3ED7DD7}.Release|x64.ActiveCfg = Release|x64
		{9077BAD6-5545-3D41-910E-62FA6EA5D3EF}.Debug|x64.ActiveCfg = Debug|x64
		{9077BAD6-5545-3D41-910E-62FA6EA5D3EF}.Release|x64.ActiveCfg = Release|x64
		{19254E1A-0B62-37BB-9EDC-AAF2CE8801AD}.Debug|x64.ActiveCfg = Debug|x64
		{19254E1A-0B62-37BB-9EDC-AAF2CE8801AD}.Debug|x64.Build.0 = Debug|x64
		{19254E1A-0B62-37BB-9EDC-AAF2CE8801AD}.Release|x64.ActiveCfg = Release|x64
		{19254E1A-0B62-37BB-9EDC-AAF2CE8801AD}.Release|x64.Build.0 = Release|x64
		{F6B12F78-BA5C-3C61-AFFC-1D79CA6ACCBD}.Debug|x64.ActiveCfg = Debug|x64
		{F6B12F78-BA5C-3C61-AFFC-1D79CA6ACCBD}.Debug|x64.Build.0 = Debug|x64
		{F6B12F78-BA5C-3C61-AFFC-1D79CA6ACCBD}.Release|x64.ActiveCfg = Release|x64
		{F6B12F78-BA5C-3C61-AFFC-1D79CA6ACCBD}.Release|x64.Build.0 = Release|x64
		{47342378-2353-3676-B3C4-08FAA8A166AD}.Debug|x64.ActiveCfg = Debug|x64
		{47342378-2353-3676-B3C4-08FAA8A166AD}.Debug|x64.Build.0 = Debug|x64
		{47342378-2353-3676-B3C4-08FAA8A166AD}.Release|x64.ActiveCfg = Release|x64
		{47342378-2353-3676-B3C4-08FAA8A166AD}.Release|x64.Build.0 = Release|x64
		{2DDB8E6F-D6EE-3C12-A7E0-DBF3AB4F7CBA}.Debug|x64.ActiveCfg = Debug|x64
		{2DDB8E6F-D6EE-3C12-A7E0-DBF3AB4F7CBA}.Debug|x64.Build.0 = Debug|x64
		{2DDB8E6F-D6EE-3C12-A7E0-DBF3AB4F7CBA}.Release|x64.ActiveCfg = Release|x64
		{2DDB8E6F-D6EE-3C12-A7E0-DBF3AB4F7CBA}.Release|x64.Build.0 = Release|x64
		{D8B0CAC0-8501-39BD-8731-3DE10779E5B9}.Debug|x64.ActiveCfg = Debug|x64
		{D8B0CAC0-8501-39BD-8731-3DE10779E5B9}.Debug|x64.Build.0 = Debug|x64
		{D8B0CAC0-8501-39BD-8731-3DE10779E5B9}.Release|x64.ActiveCfg = Release|x64
		{D8B0CAC0-8501-39BD-8731-3DE10779E5B9}.Release|x64.Build.0 = Release|x64
		{799B87EB-36B1-323F-A7C7-0397F9511D43}.Debug|x64.ActiveCfg = Debug|x64
		{799B87EB-36B1-323F-A7C7-0397F9511D43}.Debug|x64.Build.0 = Debug|x64
		{799B87EB-36B1-323F-A7C7-0397F9511D43}.Release|x64.ActiveCfg = Release|x64
		{799B87EB-36B1-323F-A7C7-0397F9511D43}.Release|x64.Build.0 = Release|x64
		{7D1DBA4B-2AB5-3B2B-956D-BF17D4DFB1BE}.Debug|x64.ActiveCfg = Debug|x64
		{7D1DBA4B-2AB5-3B2B-956D-BF17D4DFB1BE}.Debug|x64.Build.0 = Debug|x64
		{7D1DBA4B-2AB5-3B2B-956D-BF17D4DFB1BE}.Release|x64.ActiveCfg = Release|x64
		{7D1DBA4B-2AB5-3B2B-956D-BF17D4DFB1BE}.Release|x64.Build.0 = Release|x64
		{90082C75-5419-314D-B8C4-D9090F9293FA}.Debug|x64.ActiveCfg = Debug|x64
		{90082C75-5419-314D-B8C4-D9090F9293FA}.Debug|x64.Build.0 = Debug|x64
		{90082C75-5419-314D-B8C4-D9090F9293FA}.Release|x64.ActiveCfg = Release|x64
		{90082C75-5419-314D-B8C4-D9090F9293FA}.Release|x64.Build.0 = Release|x64
		{BE012749-951B-37E7-BDD0-CD599D5F93C5}.Debug|x64.ActiveCfg = Debug|x64
		{BE012749-951B-37E7-BDD0-CD599D5F93C5}.Debug|x64.Build.0 = Debug|x64
		{BE012749-951B-37E7-BDD0-CD599D5F93C5}.Release|x64.ActiveCfg = Release|x64
		{BE012749-951B-37E7-BDD0-CD599D5F93C5}.Release|x64.Build.0 = Release|x64
		{D4947004-156E-3817-9062-B53D4CD172E3}.Debug|x64.ActiveCfg = Debug|x64
		{D4947004-156E-3817-9062-B53D4CD172E3}.Debug|x64.Build.0 = Debug|x64
		{D4947004-156E-3817-9062-B53D4CD172E3}.Release|x64.ActiveCfg = Release|x64
		{D4947004-156E-3817-9062-B53D4CD172E3}.Release|x64.Build.0 = Release|x64
		{DE6CB7B2-66D8-33AC-888C-F217058E1BA8}.Debug|x64.ActiveCfg = Debug|x64
		{DE6CB7B2-66D8-33AC-888C-F217058E1BA8}.Debug|x64.Build.0 = Debug|x64
		{DE6CB7B2-66D8-33AC-888C-F217058E1BA8}.Release|x64.ActiveCfg = Release|x64
		{DE6CB7B2-66D8-33AC-888C-F217058E1BA8}.Release|x64.Build.0 = Release|x64
		{5C9ECDC3-1FD9-39D9-846B-C8FEE3DDB7CD}.Debug|x64.ActiveCfg = Debug|x64
		{5C9ECDC3-1FD9-39D9-846B-C8FEE3DDB7CD}.Debug|x64.Build.0 = Debug|x64
		{5C9ECDC3-1FD9-39D9-846B-C8FEE3DDB7CD}.Release|x64.ActiveCfg = Release|x64
		{5C9ECDC3-1FD9-39D9-846B-C8FEE3DDB7CD}.Release|x64.Build.0 = Release|x64
		{1BA49390-E53F-3A1C-9D3B-A36C6E41C629}.Debug|x64.ActiveCfg = Debug|x64
		{1BA49390-E53F-3A1C-9D3B-A36C6E41C629}.Debug|x64.Build.0 = Debug|x64
		{1BA49390-E53F-3A1C-9D3B-A36C6E41C629}.Release|x64.ActiveCfg = Release|x64
		{1BA49390-E53F-3A1C-9D3B-A36C6E41C629}.Release|x64.Build.0 = Release|x64
		{26820A44-4B84-3AD3-A82C-3BB5CC597915}.Debug|x64.ActiveCfg = Debug|x64
		{26820A44-4B84-3AD3-A82C-3BB5CC597915}.Debug|x64.Build.0 = Debug|x64
		{26820A44-4B84-3AD3-A82C-3BB5CC597915}.Release|x64.ActiveCfg = Release|x64
		{26820A44-4B84-3AD3-A82C-3BB5CC597915}.Release|x64.Build.0 = Release|x64
		{09FEF1CD-E6DE-347F-B5CB-0475A3D441A8}.Debug|x64.ActiveCfg = Debug|x64
		{09FEF1CD-E6DE-347F-B5CB-0475A3D441A8}.Debug|x64.Build.0 = Debug|x64
		{09FEF1CD-E6DE-347F-B5CB-0475A3D441A8}.Release|x64.ActiveCfg = Release|x64
		{09FEF1CD-E6DE-347F-B5CB-0475A3D441A8}.Release|x64.Build.0 = Release|x64
		{12AC3E54-987B-3E7C-9827-F96466F6173C}.Debug|x64.ActiveCfg = Debug|x64
		{12AC3E54-987B-3E7C-9827-F96466F6173C}.Debug|x64.Build.0 = Debug|x64
		{12AC3E54-987B-3E7C-9827-F96466F6173C}.Release|x64.ActiveCfg = Release|x64
		{12AC3E54-987B-3E7C-9827-F96466F6173C}.Release|x64.Build.0 = Release|x64
		{F57D212D-099B-32DC-8407-5A725F3E1429}.Debug|x64.ActiveCfg = Debug|x64
		{F57D212D-099B-32DC-8407-5A725F3E1429}.Debug|x64.Build.0 = Debug|x64
		{F57D212D-099B-32DC-8407-5A725F3E1429}.Release|x64.ActiveCfg = Release|x64
		{F57D212D-099B-32DC-8407-5A725F3E1429}.Release|x64.Build.0 = Release|x64
		{DF5164BE-DD2F-3397-80B7-4393533D4AAA}.Debug|x64.ActiveCfg = Debug|x64
		{DF5164BE-DD2F-3397-80B7-4393533D4AAA}.Debug|x64.Build.0 = Debug|x64
		{DF5164BE-DD2F-3397-80B7-4393533D4AAA}.Release|x64.ActiveCfg = Release|x64
		{DF5164BE-DD2F-3397-80B7-4393533D4AAA}.Release|x64.Build.0 = Release|x64
		{0FF960EF-16E1-3DF1-B2EC-59642C7C911F}.Debug|x64.ActiveCfg = Debug|x64
		{0FF960EF-16E1-3DF1-B2EC-59642C7C911F}.Debug|x64.Build.0 = Debug|x64
		{0FF960EF-16E1-3DF1-B2EC-59642C7C911F}.Release|x64.ActiveCfg = Release|x64
		{0FF960EF-16E1-3DF1-B2EC-59642C7C911F}.Release|x64.Build.0 = Release|x64
		{F14C2E5E-E346-3B79-98B4-F42959690F06}.Debug|x64.ActiveCfg = Debug|x64
		{F14C2E5E-E346-3B79-98B4-F42959690F06}.Debug|x64.Build.0 = Debug|x64
		{F14C2E5E-E346-3B79-98B4-F42959690F06}.Release|x64.ActiveCfg = Release|x64
		{F14C2E5E-E346-3B79-98B4-F42959690F06}.Release|x64.Build.0 = Release|x64
		{A78F35E9-AA3E-3148-ACC4-8DFAA61AB0B0}.Debug|x64.ActiveCfg = Debug|x64
		{A78F35E9-AA3E-3148-ACC4-8DFAA61AB0B0}.Debug|x64.Build.0 = Debug|x64
		{A78F35E9-AA3E-3148-ACC4-8DFAA61AB0B0}.Release|x64.ActiveCfg = Release|x64
		{A78F35E9-AA3E-3148-ACC4-8DFAA61AB0B0}.Release|x64.Build.0 = Release|x64
		{492C840E-6DCA-39AA-A904-F363A3D9635E}.Debug|x64.ActiveCfg = Debug|x64
		{492C840E-6DCA-39AA-A904-F363A3D9635E}.Debug|x64.Build.0 = Debug|x64
		{492C840E-6DCA-39AA-A904-F363A3D9635E}.Release|x64.ActiveCfg = Release|x64
		{492C840E-6DCA-39AA-A904-F363A3D9635E}.Release|x64.Build.0 = Release|x64
		{FD095C9E-D34F-39FF-B496-A4CC5055BE6A}.Debug|x64.ActiveCfg = Debug|x64
		{FD095C9E-D34F-39FF-B496-A4CC5055BE6A}.Debug|x64.Build.0 = Debug|x64
		{FD095C9E-D34F-39FF-B496-A4CC5055BE6A}.Release|x64.ActiveCfg = Release|x64
		{FD095C9E-D34F-39FF-B496-A4CC5055BE6A}.Release|x64.Build.0 = Release|x64
		{2ED7E492-2FB6-388C-9D1E-130B1217C6D2}.Debug|x64.ActiveCfg = Debug|x64
		{2ED7E492-2FB6-388C-9D1E-130B1217C6D2}.Debug|x64.Build.0 = Debug|x64
		{2ED7E492-2FB6-388C-9D1E-130B1217C6D2}.Release|x64.ActiveCfg = Release|x64
		{2ED7E492-2FB6-388C-9D1E-130B1217C6D2}.Release|x64.Build.0 = Release|x64
		{3081F05A-E05A-3819-B1A5-456BCF43F35F}.Debug|x64.ActiveCfg = Debug|x64
		{3081F05A-E05A-3819-B1A5-456BCF43F35F}.Debug|x64.Build.0 = Debug|x64
		{3081F05A-E05A-3819-B1A5-456BCF43F35F}.Release|x64.ActiveCfg = Release|x64
		{3081F05A-E05A-3819-B1A5-456BCF43F35F}.Release|x64.Build.0 = Release|x64
		{B7EA3436-145A-37A3-AA8D-BC694C9B1F69}.Debug|x64.ActiveCfg = Debug|x64
		{B7EA3436-145A-37A3-AA8D-BC694C9B1F69}.Debug|x64.Build.0 = Debug|x64
		{B7EA3436-145A-37A3-AA8D-BC694C9B1F69}.Release|x64.ActiveCfg = Release|x64
		{B7EA3436-145A-37A3-AA8D-BC694C9B1F69}.Release|x64.Build.0 = Release|x64
		{2989009F-683B-3056-8726-9FD2005880A4}.Debug|x64.ActiveCfg = Debug|x64
		{2989009F-683B-3056-8726-9FD2005880A4}.Debug|x64.Build.0 = Debug|x64
		{2989009F-683B-3056-8726-9FD2005880A4}.Release|x64.ActiveCfg = Release|x64
		{2989009F-683B-3056-8726-9FD2005880A4}.Release|x64.Build.0 = Release|x64
		{4FE3D54B-B7FA-394C-9A39-D7F8DEDCD509}.Debug|x64.ActiveCfg = Debug|x64
		{4FE3D54B-B7FA-394C-9A39-D7F8DEDCD509}.Debug|x64.Build.0 = Debug|x64
		{4FE3D54B-B7FA-394C-9A39-D7F8DEDCD509}.Release|x64.ActiveCfg = Release|x64
		{4FE3D54B-B7FA-394C-9A39-D7F8DEDCD509}.Release|x64.Build.0 = Release|x64
		{F82D28A3-C1E1-354C-973E-00D6D193A8B3}.Debug|x64.ActiveCfg = Debug|x64
		{F82D28A3-C1E1-354C-973E-00D6D193A8B3}.Debug|x64.Build.0 = Debug|x64
		{F82D28A3-C1E1-354C-973E-00D6D193A8B3}.Release|x64.ActiveCfg = Release|x64
		{F82D28A3-C1E1-354C-973E-00D6D193A8B3}.Release|x64.Build.0 = Release|x64
		{347B0AA6-831F-3851-9DE6-D4C4A5437D10}.Debug|x64.ActiveCfg = Debug|x64
		{347B0AA6-831F-3851-9DE6-D4C4A5437D10}.Debug|x64.Build.0 = Debug|x64
		{347B0AA6-831F-3851-9DE6-D4C4A5437D10}.Release|x64.ActiveCfg = Release|x64
		{347B0AA6-831F-3851-9DE6-D4C4A5437D10}.Release|x64.Build.0 = Release|x64
		{3AF7BB57-9948-3095-AE53-06710B900D40}.Debug|x64.ActiveCfg = Debug|x64
		{3AF7BB57-9948-3095-AE53-06710B900D40}.Debug|x64.Build.0 = Debug|x64
		{3AF7BB57-9948-3095-AE53-06710B900D40}.Release|x64.ActiveCfg = Release|x64
		{3AF7BB57-9948-3095-AE53-06710B900D40}.Release|x64.Build.0 = Release|x64
		{3A6D7D6B-49DD-3272-BFC0-C2C7CE79700E}.Debug|x64.ActiveCfg = Debug|x64
		{3A6D7D6B-49DD-3272-BFC0-C2C7CE79700E}.Debug|x64.Build.0 = Debug|x64
		{3A6D7D6B-49DD-3272-BFC0-C2C7CE79700E}.Release|x64.ActiveCfg = Release|x64
		{3A6D7D6B-49DD-3272-BFC0-C2C7CE79700E}.Release|x64.Build.0 = Release|x64
		{6B6EE1C3-CFBA-3783-A93B-4FB59E8FD103}.Debug|x64.ActiveCfg = Debug|x64
		{6B6EE1C3-CFBA-3783-A93B-4FB59E8FD103}.Debug|x64.Build.0 = Debug|x64
		{6B6EE1C3-CFBA-3783-A93B-4FB59E8FD103}.Release|x64.ActiveCfg = Release|x64
		{6B6EE1C3-CFBA-3783-A93B-4FB59E8FD103}.Release|x64.Build.0 = Release|x64
		{474831F6-E716-3A91-8967-D3558199F70F}.Debug|x64.ActiveCfg = Debug|x64
		{474831F6-E716-3A91-8967-D3558199F70F}.Debug|x64.Build.0 = Debug|x64
		{474831F6-E716-3A91-8967-D3558199F70F}.Release|x64.ActiveCfg = Release|x64
		{474831F6-E716-3A91-8967-D3558199F70F}.Release|x64.Build.0 = Release|x64
		{00A0B2A6-6CA2-3361-B74D-F978A64848AC}.Debug|x64.ActiveCfg = Debug|x64
		{00A0B2A6-6CA2-3361-B74D-F978A64848AC}.Debug|x64.Build.0 = Debug|x64
		{00A0B2A6-6CA2-3361-B74D-F978A64848AC}.Release|x64.ActiveCfg = Release|x64
		{00A0B2A6-6CA2-3361-B74D-F978A64848AC}.Release|x64.Build.0 = Release|x64
		{B735B667-A814-393C-A5B8-8A854022798A}.Debug|x64.ActiveCfg = Debug|x64
		{B735B667-A814-393C-A5B8-8A854022798A}.Debug|x64.Build.0 = Debug|x64
		{B735B667-A814-393C-A5B8-8A854022798A}.Release|x64.ActiveCfg = Release|x64
		{B735B667-A814-393C-A5B8-8A854022798A}.Release|x64.Build.0 = Release|x64
		{A0BA2F98-A9ED-37E7-A9C0-4F3EC2734266}.Debug|x64.ActiveCfg = Debug|x64
		{A0BA2F98-A9ED-37E7-A9C0-4F3EC2734266}.Debug|x64.Build.0 = Debug|x64
		{A0BA2F98-A9ED-37E7-A9C0-4F3EC2734266}.Release|x64.ActiveCfg = Release|x64
		{A0BA2F98-A9ED-37E7-A9C0-4F3EC2734266}.Release|x64.Build.0 = Release|x64
		{4F6B75A1-8CE8-31D4-88DA-1C4E39FF1D61}.Debug|x64.ActiveCfg = Debug|x64
		{4F6B75A1-8CE8-31D4-88DA-1C4E39FF1D61}.Debug|x64.Build.0 = Debug|x64
		{4F6B75A1-8CE8-31D4-88DA-1C4E39FF1D61}.Release|x64.ActiveCfg = Release|x64
		{4F6B75A1-8CE8-31D4-88DA-1C4E39FF1D61}.Release|x64.Build.0 = Release|x64
		{264053B9-835D-31D5-8805-54D9F01632E5}.Debug|x64.ActiveCfg = Debug|x64
		{264053B9-835D-31D5-8805-54D9F01632E5}.Debug|x64.Build.0 = Debug|x64
		{264053B9-835D-31D5-8805-54D9F01632E5}.Release|x64.ActiveCfg = Release|x64
		{264053B9-835D-31D5-8805-54D9F01632E5}.Release|x64.Build.0 = Release|x64
		{69744111-C0E0-3780-A09F-5064A2FACD85}.Debug|x64.ActiveCfg = Debug|x64
		{69744111-C0E0-3780-A09F-5064A2FACD85}.Debug|x64.Build.0 = Debug|x64
		{69744111-C0E0-3780-A09F-5064A2FACD85}.Release|x64.ActiveCfg = Release|x64
		{69744111-C0E0-3780-A09F-5064A2FACD85}.Release|x64.Build.0 = Release|x64
		{7F6644B1-6B0C-31BA-8FD3-C3145E2D9473}.Debug|x64.ActiveCfg = Debug|x64
		{7F6644B1-6B0C-31BA-8FD3-C3145E2D9473}.Debug|x64.Build.0 = Debug|x64
		{7F6644B1-6B0C-31BA-8FD3-C3145E2D9473}.Release|x64.ActiveCfg = Release|x64
		{7F6644B1-6B0C-31BA-8FD3-C3145E2D9473}.Release|x64.Build.0 = Release|x64
		{5D531023-AB5A-35A3-AB75-98DBC0218BB4}.Debug|x64.ActiveCfg = Debug|x64
		{5D531023-AB5A-35A3-AB75-98DBC0218BB4}.Debug|x64.Build.0 = Debug|x64
		{5D531023-AB5A-35A3-AB75-98DBC0218BB4}.Release|x64.ActiveCfg = Release|x64
		{5D531023-AB5A-35A3-AB75-98DBC0218BB4}.Release|x64.Build.0 = Release|x64
		{D81074F2-99DD-331D-944B-2761CF8FB16F}.Debug|x64.ActiveCfg = Debug|x64
		{D81074F2-99DD-331D-944B-2761CF8FB16F}.Debug|x64.Build.0 = Debug|x64
		{D81074F2-99DD-331D-944B-2761CF8FB16F}.Release|x64.ActiveCfg = Release|x64
		{D81074F2-99DD-331D-944B-2761CF8FB16F}.Release|x64.Build.0 = Release|x64
		{68559562-02B3-3A75-81E2-87A21AC27875}.Debug|x64.ActiveCfg = Debug|x64
		{68559562-02B3-3A75-81E2-87A21AC27875}.Debug|x64.Build.0 = Debug|x64
		{68559562-02B3-3A75-81E2-87A21AC27875}.Release|x64.ActiveCfg = Release|x64
		{68559562-02B3-3A75-81E2-87A21AC27875}.Release|x64.Build.0 = Release|x64
		{505B1764-3AE2-3C9F-BDF1-5B65242E3F98}.Debug|x64.ActiveCfg = Debug|x64
		{505B1764-3AE2-3C9F-BDF1-5B65242E3F98}.Debug|x64.Build.0 = Debug|x64
		{505B1764-3AE2-3C9F-BDF1-5B65242E3F98}.Release|x64.ActiveCfg = Release|x64
		{505B1764-3AE2-3C9F-BDF1-5B65242E3F98}.Release|x64.Build.0 = Release|x64
		{503C26DA-D50C-33F3-B49B-D978EB7C330C}.Debug|x64.ActiveCfg = Debug|x64
		{503C26DA-D50C-33F3-B49B-D978EB7C330C}.Debug|x64.Build.0 = Debug|x64
		{503C26DA-D50C-33F3-B49B-D978EB7C330C}.Release|x64.ActiveCfg = Release|x64
		{503C26DA-D50C-33F3-B49B-D978EB7C330C}.Release|x64.Build.0 = Release|x64
		{6AD12E8E-016A-39FC-9CD3-98D88B14B6DF}.Debug|x64.ActiveCfg = Debug|x64
		{6AD12E8E-016A-39FC-9CD3-98D88B14B6DF}.Debug|x64.Build.0 = Debug|x64
		{6AD12E8E-016A-39FC-9CD3-98D88B14B6DF}.Release|x64.ActiveCfg = Release|x64
		{6AD12E8E-016A-39FC-9CD3-98D88B14B6DF}.Release|x64.Build.0 = Release|x64
		{082C0E89-FF1B-3ACF-B33E-2C6C17B98D82}.Debug|x64.ActiveCfg = Debug|x64
		{082C0E89-FF1B-3ACF-B33E-2C6C17B98D82}.Debug|x64.Build.0 = Debug|x64
		{082C0E89-FF1B-3ACF-B33E-2C6C17B98D82}.Release|x64.ActiveCfg = Release|x64
		{082C0E89-FF1B-3ACF-B33E-2C6C17B98D82}.Release|x64.Build.0 = Release|x64
		{367FB96A-84C2-34A9-A86D-5A4B1112490B}.Debug|x64.ActiveCfg = Debug|x64
		{367FB96A-84C2-34A9-A86D-5A4B1112490B}.Debug|x64.Build.0 = Debug|x64
		{367FB96A-84C2-34A9-A86D-5A4B1112490B}.Release|x64.ActiveCfg = Release|x64
		{367FB96A-84C2-34A9-A86D-5A4B1112490B}.Release|x64.Build.0 = Release|x64
		{9166A05A-43E2-3C3F-BA39-68771B02C655}.Debug|x64.ActiveCfg = Debug|x64
		{9166A05A-43E2-3C3F-BA39-68771B02C655}.Debug|x64.Build.0 = Debug|x64
		{9166A05A-43E2-3C3F-BA39-68771B02C655}.Release|x64.ActiveCfg = Release|x64
		{9166A05A-43E2-3C3F-BA39-68771B02C655}.Release|x64.Build.0 = Release|x64
		{578E90C5-8F5A-30F3-941F-F2E2338D1012}.Debug|x64.ActiveCfg = Debug|x64
		{578E90C5-8F5A-30F3-941F-F2E2338D1012}.Debug|x64.Build.0 = Debug|x64
		{578E90C5-8F5A-30F3-941F-F2E2338D1012}.Release|x64.ActiveCfg = Release|x64
		{578E90C5-8F5A-30F3-941F-F2E2338D1012}.Release|x64.Build.0 = Release|x64
		{D779D3D3-0C68-384F-AC2E-DBDCD4154A0D}.Debug|x64.ActiveCfg = Debug|x64
		{D779D3D3-0C68-384F-AC2E-DBDCD4154A0D}.Debug|x64.Build.0 = Debug|x64
		{D779D3D3-0C68-384F-AC2E-DBDCD4154A0D}.Release|x64.ActiveCfg = Release|x64
		{D779D3D3-0C68-384F-AC2E-DBDCD4154A0D}.Release|x64.Build.0 = Release|x64
		{C4DAA04F-676A-3290-A597-059189FF356E}.Debug|x64.ActiveCfg = Debug|x64
		{C4DAA04F-676A-3290-A597-059189FF356E}.Debug|x64.Build.0 = Debug|x64
		{C4DAA04F-676A-3290-A597-059189FF356E}.Release|x64.ActiveCfg = Release|x64
		{C4DAA04F-676A-3290-A597-059189FF356E}.Release|x64.Build.0 = Release|x64
		{C78DEF6E-D1B2-3DBA-B679-B31856053798}.Debug|x64.ActiveCfg = Debug|x64
		{C78DEF6E-D1B2-3DBA-B679-B31856053798}.Debug|x64.Build.0 = Debug|x64
		{C78DEF6E-D1B2-3DBA-B679-B31856053798}.Release|x64.ActiveCfg = Release|x64
		{C78DEF6E-D1B2-3DBA-B679-B31856053798}.Release|x64.Build.0 = Release|x64
		{B2EEE319-574D-30EF-9944-96D7BA222EE0}.Debug|x64.ActiveCfg = Debug|x64
		{B2EEE319-574D-30EF-9944-96D7BA222EE0}.Debug|x64.Build.0 = Debug|x64
		{B2EEE319-574D-30EF-9944-96D7BA222EE0}.Release|x64.ActiveCfg = Release|x64
		{B2EEE319-574D-30EF-9944-96D7BA222EE0}.Release|x64.Build.0 = Release|x64
		{589DB57E-C74E-3EB1-8FFA-D4DC1DEA9686}.Debug|x64.ActiveCfg = Debug|x64
		{589DB57E-C74E-3EB1-8FFA-D4DC1DEA9686}.Debug|x64.Build.0 = Debug|x64
		{589DB57E-C74E-3EB1-8FFA-D4DC1DEA9686}.Release|x64.ActiveCfg = Release|x64
		{589DB57E-C74E-3EB1-8FFA-D4DC1DEA9686}.Release|x64.Build.0 = Release|x64
		{DA58280A-03AA-348F-86EB-134754EEE00C}.Debug|x64.ActiveCfg = Debug|x64
		{DA58280A-03AA-348F-86EB-134754EEE00C}.Debug|x64.Build.0 = Debug|x64
		{DA58280A-03AA-348F-86EB-134754EEE00C}.Release|x64.ActiveCfg = Release|x64
		{DA58280A-03AA-348F-86EB-134754EEE00C}.Release|x64.Build.0 = Release|x64
		{62693FEB-1C7A-3AB0-9E05-73E003866D2C}.Debug|x64.ActiveCfg = Debug|x64
		{62693FEB-1C7A-3AB0-9E05-73E003866D2C}.Debug|x64.Build.0 = Debug|x64
		{62693FEB-1C7A-3AB0-9E05-73E003866D2C}.Release|x64.ActiveCfg = Release|x64
		{62693FEB-1C7A-3AB0-9E05-73E003866D2C}.Release|x64.Build.0 = Release|x64
	EndGlobalSection
	GlobalSection(NestedProjects) = preSolution
		{47342378-2353-3676-B3C4-08FAA8A166AD} = {F73AC2E0-3B59-3B7D-8E91-5FF876EAD60C}
		{2DDB8E6F-D6EE-3C12-A7E0-DBF3AB4F7CBA} = {F73AC2E0-3B59-3B7D-8E91-5FF876EAD60C}
		{D8B0CAC0-8501-39BD-8731-3DE10779E5B9} = {F73AC2E0-3B59-3B7D-8E91-5FF876EAD60C}
		{799B87EB-36B1-323F-A7C7-0397F9511D43} = {F73AC2E0-3B59-3B7D-8E91-5FF876EAD60C}
		{7D1DBA4B-2AB5-3B2B-956D-BF17D4DFB1BE} = {F73AC2E0-3B59-3B7D-8E91-5FF876EAD60C}
		{90082C75-5419-314D-B8C4-D9090F9293FA} = {F73AC2E0-3B59-3B7D-8E91-5FF876EAD60C}
		{DA58280A-03AA-348F-86EB-134754EEE00C} = {F73AC2E0-3B59-3B7D-8E91-5FF876EAD60C}
		{62693FEB-1C7A-3AB0-9E05-73E003866D2C} = {F73AC2E0-3B59-3B7D-8E91-5FF876EAD60C}
		{DA189172-5FE9-3F2F-BA0D-C85F6B05940E} = {94D5F2CB-D387-3866-AED7-F052C81D2FBE}
		{8F7C0823-DCB9-31BB-92B9-6F18B1AEA515} = {94D5F2CB-D387-3866-AED7-F052C81D2FBE}
		{E92C879B-984C-3AF8-911F-A206D3ED7DD7} = {94D5F2CB-D387-3866-AED7-F052C81D2FBE}
		{9077BAD6-5545-3D41-910E-62FA6EA5D3EF} = {94D5F2CB-D387-3866-AED7-F052C81D2FBE}
		{19254E1A-0B62-37BB-9EDC-AAF2CE8801AD} = {94D5F2CB-D387-3866-AED7-F052C81D2FBE}
		{A0BA2F98-A9ED-37E7-A9C0-4F3EC2734266} = {9CFC784F-9782-3E6D-B50C-A4480151D83B}
		{BE012749-951B-37E7-BDD0-CD599D5F93C5} = {4821B747-B0E3-3FD0-876C-E78E7EB0FB3D}
		{D4947004-156E-3817-9062-B53D4CD172E3} = {4821B747-B0E3-3FD0-876C-E78E7EB0FB3D}
		{DE6CB7B2-66D8-33AC-888C-F217058E1BA8} = {4821B747-B0E3-3FD0-876C-E78E7EB0FB3D}
		{5C9ECDC3-1FD9-39D9-846B-C8FEE3DDB7CD} = {4821B747-B0E3-3FD0-876C-E78E7EB0FB3D}
		{1BA49390-E53F-3A1C-9D3B-A36C6E41C629} = {4821B747-B0E3-3FD0-876C-E78E7EB0FB3D}
		{26820A44-4B84-3AD3-A82C-3BB5CC597915} = {4821B747-B0E3-3FD0-876C-E78E7EB0FB3D}
		{09FEF1CD-E6DE-347F-B5CB-0475A3D441A8} = {4821B747-B0E3-3FD0-876C-E78E7EB0FB3D}
		{12AC3E54-987B-3E7C-9827-F96466F6173C} = {4821B747-B0E3-3FD0-876C-E78E7EB0FB3D}
		{F57D212D-099B-32DC-8407-5A725F3E1429} = {4821B747-B0E3-3FD0-876C-E78E7EB0FB3D}
		{DF5164BE-DD2F-3397-80B7-4393533D4AAA} = {4821B747-B0E3-3FD0-876C-E78E7EB0FB3D}
		{0FF960EF-16E1-3DF1-B2EC-59642C7C911F} = {4821B747-B0E3-3FD0-876C-E78E7EB0FB3D}
		{F14C2E5E-E346-3B79-98B4-F42959690F06} = {4821B747-B0E3-3FD0-876C-E78E7EB0FB3D}
		{A78F35E9-AA3E-3148-ACC4-8DFAA61AB0B0} = {4821B747-B0E3-3FD0-876C-E78E7EB0FB3D}
		{492C840E-6DCA-39AA-A904-F363A3D9635E} = {4821B747-B0E3-3FD0-876C-E78E7EB0FB3D}
		{FD095C9E-D34F-39FF-B496-A4CC5055BE6A} = {4821B747-B0E3-3FD0-876C-E78E7EB0FB3D}
		{2ED7E492-2FB6-388C-9D1E-130B1217C6D2} = {4821B747-B0E3-3FD0-876C-E78E7EB0FB3D}
		{3081F05A-E05A-3819-B1A5-456BCF43F35F} = {4821B747-B0E3-3FD0-876C-E78E7EB0FB3D}
		{B7EA3436-145A-37A3-AA8D-BC694C9B1F69} = {4821B747-B0E3-3FD0-876C-E78E7EB0FB3D}
		{2989009F-683B-3056-8726-9FD2005880A4} = {4821B747-B0E3-3FD0-876C-E78E7EB0FB3D}
		{4FE3D54B-B7FA-394C-9A39-D7F8DEDCD509} = {4821B747-B0E3-3FD0-876C-E78E7EB0FB3D}
		{F82D28A3-C1E1-354C-973E-00D6D193A8B3} = {4821B747-B0E3-3FD0-876C-E78E7EB0FB3D}
		{347B0AA6-831F-3851-9DE6-D4C4A5437D10} = {4821B747-B0E3-3FD0-876C-E78E7EB0FB3D}
		{3AF7BB57-9948-3095-AE53-06710B900D40} = {4821B747-B0E3-3FD0-876C-E78E7EB0FB3D}
		{3A6D7D6B-49DD-3272-BFC0-C2C7CE79700E} = {4821B747-B0E3-3FD0-876C-E78E7EB0FB3D}
		{6B6EE1C3-CFBA-3783-A93B-4FB59E8FD103} = {4821B747-B0E3-3FD0-876C-E78E7EB0FB3D}
		{474831F6-E716-3A91-8967-D3558199F70F} = {4821B747-B0E3-3FD0-876C-E78E7EB0FB3D}
		{00A0B2A6-6CA2-3361-B74D-F978A64848AC} = {4821B747-B0E3-3FD0-876C-E78E7EB0FB3D}
		{B735B667-A814-393C-A5B8-8A854022798A} = {4821B747-B0E3-3FD0-876C-E78E7EB0FB3D}
		{4F6B75A1-8CE8-31D4-88DA-1C4E39FF1D61} = {4821B747-B0E3-3FD0-876C-E78E7EB0FB3D}
		{264053B9-835D-31D5-8805-54D9F01632E5} = {4821B747-B0E3-3FD0-876C-E78E7EB0FB3D}
		{69744111-C0E0-3780-A09F-5064A2FACD85} = {4821B747-B0E3-3FD0-876C-E78E7EB0FB3D}
		{7F6644B1-6B0C-31BA-8FD3-C3145E2D9473} = {4821B747-B0E3-3FD0-876C-E78E7EB0FB3D}
		{5D531023-AB5A-35A3-AB75-98DBC0218BB4} = {4821B747-B0E3-3FD0-876C-E78E7EB0FB3D}
		{D81074F2-99DD-331D-944B-2761CF8FB16F} = {4821B747-B0E3-3FD0-876C-E78E7EB0FB3D}
		{68559562-02B3-3A75-81E2-87A21AC27875} = {4821B747-B0E3-3FD0-876C-E78E7EB0FB3D}
		{505B1764-3AE2-3C9F-BDF1-5B65242E3F98} = {4821B747-B0E3-3FD0-876C-E78E7EB0FB3D}
		{503C26DA-D50C-33F3-B49B-D978EB7C330C} = {4821B747-B0E3-3FD0-876C-E78E7EB0FB3D}
		{6AD12E8E-016A-39FC-9CD3-98D88B14B6DF} = {4821B747-B0E3-3FD0-876C-E78E7EB0FB3D}
		{082C0E89-FF1B-3ACF-B33E-2C6C17B98D82} = {4821B747-B0E3-3FD0-876C-E78E7EB0FB3D}
		{367FB96A-84C2-34A9-A86D-5A4B1112490B} = {4821B747-B0E3-3FD0-876C-E78E7EB0FB3D}
		{9166A05A-43E2-3C3F-BA39-68771B02C655} = {4821B747-B0E3-3FD0-876C-E78E7EB0FB3D}
		{578E90C5-8F5A-30F3-941F-F2E2338D1012} = {4821B747-B0E3-3FD0-876C-E78E7EB0FB3D}
		{D779D3D3-0C68-384F-AC2E-DBDCD4154A0D} = {4821B747-B0E3-3FD0-876C-E78E7EB0FB3D}
		{C4DAA04F-676A-3290-A597-059189FF356E} = {4821B747-B0E3-3FD0-876C-E78E7EB0FB3D}
		{C78DEF6E-D1B2-3DBA-B679-B31856053798} = {4821B747-B0E3-3FD0-876C-E78E7EB0FB3D}
		{B2EEE319-574D-30EF-9944-96D7BA222EE0} = {4821B747-B0E3-3FD0-876C-E78E7EB0FB3D}
		{589DB57E-C74E-3EB1-8FFA-D4DC1DEA9686} = {4821B747-B0E3-3FD0-876C-E78E7EB0FB3D}
	EndGlobalSection
	GlobalSection(ExtensibilityGlobals) = postSolution
		SolutionGuid = {1FC34EB6-ACDB-3859-B8D8-0A9A84909C98}
	EndGlobalSection
	GlobalSection(ExtensibilityAddIns) = postSolution
	EndGlobalSection
EndGlobal
