Microsoft Visual Studio Solution File, Format Version 12.00
# Visual Studio 14
Project("{2150E333-8FDC-42A3-9474-1A3956D46DE8}") = "3rdparty", "3rdparty", "{68AB1E66-6479-3336-9DFE-A7C839E9BFAF}"
EndProject
Project("{2150E333-8FDC-42A3-9474-1A3956D46DE8}") = "CMakeTargets", "CMakeTargets", "{CF49CAF2-0FE9-3A3D-9E30-79EEC9BAEDED}"
EndProject
Project("{2150E333-8FDC-42A3-9474-1A3956D46DE8}") = "modules", "modules", "{8FF07146-EAB1-3A66-AACA-8290E3BC0193}"
EndProject
Project("{8BC9CEB8-8B4A-11D0-8D11-00A0C91BC942}") = "ALL_BUILD", "ALL_BUILD.vcxproj", "{9BDB6AFF-340A-386C-BAAD-92665F023722}"
	ProjectSection(ProjectDependencies) = postProject
		{80C842AA-5B0B-3682-945D-ADB43AF84B63} = {80C842AA-5B0B-3682-945D-ADB43AF84B63}
		{CD65D4BC-525B-32F3-94F8-15E3149C92F8} = {CD65D4BC-525B-32F3-94F8-15E3149C92F8}
	EndProjectSection
EndProject
Project("{8BC9CEB8-8B4A-11D0-8D11-00A0C91BC942}") = "INSTALL", "INSTALL.vcxproj", "{3521E572-FC76-312B-ADF2-352F78316C8D}"
	ProjectSection(ProjectDependencies) = postProject
		{9BDB6AFF-340A-386C-BAAD-92665F023722} = {9BDB6AFF-340A-386C-BAAD-92665F023722}
		{80C842AA-5B0B-3682-945D-ADB43AF84B63} = {80C842AA-5B0B-3682-945D-ADB43AF84B63}
	EndProjectSection
EndProject
Project("{8BC9CEB8-8B4A-11D0-8D11-00A0C91BC942}") = "IlmImf", "..\..\3rdparty\openexr\IlmImf.vcxproj", "{811C3A6F-3920-3070-B7B2-E96B8F23E412}"
	ProjectSection(ProjectDependencies) = postProject
		{80C842AA-5B0B-3682-945D-ADB43AF84B63} = {80C842AA-5B0B-3682-945D-ADB43AF84B63}
		{68ED329B-E9C0-3B5F-950B-A5225EF480CF} = {68ED329B-E9C0-3B5F-950B-A5225EF480CF}
	EndProjectSection
EndProject
Project("{8BC9CEB8-8B4A-11D0-8D11-00A0C91BC942}") = "PACKAGE", "PACKAGE.vcxproj", "{09BA2CF0-5E2C-3C13-B487-6B4016372C81}"
	ProjectSection(ProjectDependencies) = postProject
		{9BDB6AFF-340A-386C-BAAD-92665F023722} = {9BDB6AFF-340A-386C-BAAD-92665F023722}
		{80C842AA-5B0B-3682-945D-ADB43AF84B63} = {80C842AA-5B0B-3682-945D-ADB43AF84B63}
	EndProjectSection
EndProject
Project("{8BC9CEB8-8B4A-11D0-8D11-00A0C91BC942}") = "RUN_TESTS", "RUN_TESTS.vcxproj", "{4601B23D-C09B-3774-BCCF-FB2CC1D02B15}"
	ProjectSection(ProjectDependencies) = postProject
		{80C842AA-5B0B-3682-945D-ADB43AF84B63} = {80C842AA-5B0B-3682-945D-ADB43AF84B63}
	EndProjectSection
EndProject
Project("{8BC9CEB8-8B4A-11D0-8D11-00A0C91BC942}") = "ZERO_CHECK", "..\..\\ZERO_CHECK.vcxproj", "{80C842AA-5B0B-3682-945D-ADB43AF84B63}"
	ProjectSection(ProjectDependencies) = postProject
	EndProjectSection
EndProject
Project("{8BC9CEB8-8B4A-11D0-8D11-00A0C91BC942}") = "ippiw", "..\..\3rdparty\ippiw\ippiw.vcxproj", "{16840FAB-530C-34EB-AD50-3407C53BA7A9}"
	ProjectSection(ProjectDependencies) = postProject
		{80C842AA-5B0B-3682-945D-ADB43AF84B63} = {80C842AA-5B0B-3682-945D-ADB43AF84B63}
	EndProjectSection
EndProject
Project("{8BC9CEB8-8B4A-11D0-8D11-00A0C91BC942}") = "ittnotify", "..\..\3rdparty\ittnotify\ittnotify.vcxproj", "{6A9CD173-CDBA-3DDC-A221-093279967CC7}"
	ProjectSection(ProjectDependencies) = postProject
		{80C842AA-5B0B-3682-945D-ADB43AF84B63} = {80C842AA-5B0B-3682-945D-ADB43AF84B63}
	EndProjectSection
EndProject
Project("{8BC9CEB8-8B4A-11D0-8D11-00A0C91BC942}") = "libjasper", "..\..\3rdparty\libjasper\libjasper.vcxproj", "{22D9F301-C61F-33F1-8F8F-22807F077E67}"
	ProjectSection(ProjectDependencies) = postProject
		{80C842AA-5B0B-3682-945D-ADB43AF84B63} = {80C842AA-5B0B-3682-945D-ADB43AF84B63}
	EndProjectSection
EndProject
Project("{8BC9CEB8-8B4A-11D0-8D11-00A0C91BC942}") = "libjpeg-turbo", "..\..\3rdparty\libjpeg-turbo\libjpeg-turbo.vcxproj", "{23B6ACF9-2084-311C-BDFD-79CA534647AE}"
	ProjectSection(ProjectDependencies) = postProject
		{80C842AA-5B0B-3682-945D-ADB43AF84B63} = {80C842AA-5B0B-3682-945D-ADB43AF84B63}
	EndProjectSection
EndProject
Project("{8BC9CEB8-8B4A-11D0-8D11-00A0C91BC942}") = "libpng", "..\..\3rdparty\libpng\libpng.vcxproj", "{B87FFB66-736B-3873-BFDB-D2540EDCC283}"
	ProjectSection(ProjectDependencies) = postProject
		{80C842AA-5B0B-3682-945D-ADB43AF84B63} = {80C842AA-5B0B-3682-945D-ADB43AF84B63}
		{68ED329B-E9C0-3B5F-950B-A5225EF480CF} = {68ED329B-E9C0-3B5F-950B-A5225EF480CF}
	EndProjectSection
EndProject
Project("{8BC9CEB8-8B4A-11D0-8D11-00A0C91BC942}") = "libtiff", "..\..\3rdparty\libtiff\libtiff.vcxproj", "{B5F6CD2E-BCF7-3452-BC0C-019C1E408793}"
	ProjectSection(ProjectDependencies) = postProject
		{80C842AA-5B0B-3682-945D-ADB43AF84B63} = {80C842AA-5B0B-3682-945D-ADB43AF84B63}
		{68ED329B-E9C0-3B5F-950B-A5225EF480CF} = {68ED329B-E9C0-3B5F-950B-A5225EF480CF}
	EndProjectSection
EndProject
Project("{8BC9CEB8-8B4A-11D0-8D11-00A0C91BC942}") = "libwebp", "..\..\3rdparty\libwebp\libwebp.vcxproj", "{E993DB9D-BC45-3FC6-B6F8-5C55FAEDD854}"
	ProjectSection(ProjectDependencies) = postProject
		{80C842AA-5B0B-3682-945D-ADB43AF84B63} = {80C842AA-5B0B-3682-945D-ADB43AF84B63}
	EndProjectSection
EndProject
Project("{8BC9CEB8-8B4A-11D0-8D11-00A0C91BC942}") = "opencv_core", "..\core\opencv_core.vcxproj", "{D7300F2B-6873-3E59-8A75-E8352D6FEE56}"
	ProjectSection(ProjectDependencies) = postProject
		{80C842AA-5B0B-3682-945D-ADB43AF84B63} = {80C842AA-5B0B-3682-945D-ADB43AF84B63}
		{16840FAB-530C-34EB-AD50-3407C53BA7A9} = {16840FAB-530C-34EB-AD50-3407C53BA7A9}
		{6A9CD173-CDBA-3DDC-A221-093279967CC7} = {6A9CD173-CDBA-3DDC-A221-093279967CC7}
		{68ED329B-E9C0-3B5F-950B-A5225EF480CF} = {68ED329B-E9C0-3B5F-950B-A5225EF480CF}
	EndProjectSection
EndProject
Project("{8BC9CEB8-8B4A-11D0-8D11-00A0C91BC942}") = "opencv_highgui", "opencv_highgui.vcxproj", "{CD65D4BC-525B-32F3-94F8-15E3149C92F8}"
	ProjectSection(ProjectDependencies) = postProject
		{80C842AA-5B0B-3682-945D-ADB43AF84B63} = {80C842AA-5B0B-3682-945D-ADB43AF84B63}
		{16840FAB-530C-34EB-AD50-3407C53BA7A9} = {16840FAB-530C-34EB-AD50-3407C53BA7A9}
		{D7300F2B-6873-3E59-8A75-E8352D6FEE56} = {D7300F2B-6873-3E59-8A75-E8352D6FEE56}
		{83FC629C-648D-341E-99F4-4E97E007ADD7} = {83FC629C-648D-341E-99F4-4E97E007ADD7}
		{11C1CE5D-FBBA-3746-A9E3-0AFB19DFEA98} = {11C1CE5D-FBBA-3746-A9E3-0AFB19DFEA98}
		{06A3D594-5E18-3FC3-8AB1-3E7EE6EFAC15} = {06A3D594-5E18-3FC3-8AB1-3E7EE6EFAC15}
	EndProjectSection
EndProject
Project("{8BC9CEB8-8B4A-11D0-8D11-00A0C91BC942}") = "opencv_imgcodecs", "..\imgcodecs\opencv_imgcodecs.vcxproj", "{83FC629C-648D-341E-99F4-4E97E007ADD7}"
	ProjectSection(ProjectDependencies) = postProject
		{811C3A6F-3920-3070-B7B2-E96B8F23E412} = {811C3A6F-3920-3070-B7B2-E96B8F23E412}
		{80C842AA-5B0B-3682-945D-ADB43AF84B63} = {80C842AA-5B0B-3682-945D-ADB43AF84B63}
		{16840FAB-530C-34EB-AD50-3407C53BA7A9} = {16840FAB-530C-34EB-AD50-3407C53BA7A9}
		{22D9F301-C61F-33F1-8F8F-22807F077E67} = {22D9F301-C61F-33F1-8F8F-22807F077E67}
		{23B6ACF9-2084-311C-BDFD-79CA534647AE} = {23B6ACF9-2084-311C-BDFD-79CA534647AE}
		{B87FFB66-736B-3873-BFDB-D2540EDCC283} = {B87FFB66-736B-3873-BFDB-D2540EDCC283}
		{B5F6CD2E-BCF7-3452-BC0C-019C1E408793} = {B5F6CD2E-BCF7-3452-BC0C-019C1E408793}
		{E993DB9D-BC45-3FC6-B6F8-5C55FAEDD854} = {E993DB9D-BC45-3FC6-B6F8-5C55FAEDD854}
		{D7300F2B-6873-3E59-8A75-E8352D6FEE56} = {D7300F2B-6873-3E59-8A75-E8352D6FEE56}
		{11C1CE5D-FBBA-3746-A9E3-0AFB19DFEA98} = {11C1CE5D-FBBA-3746-A9E3-0AFB19DFEA98}
		{68ED329B-E9C0-3B5F-950B-A5225EF480CF} = {68ED329B-E9C0-3B5F-950B-A5225EF480CF}
	EndProjectSection
EndProject
Project("{8BC9CEB8-8B4A-11D0-8D11-00A0C91BC942}") = "opencv_imgproc", "..\imgproc\opencv_imgproc.vcxproj", "{11C1CE5D-FBBA-3746-A9E3-0AFB19DFEA98}"
	ProjectSection(ProjectDependencies) = postProject
		{80C842AA-5B0B-3682-945D-ADB43AF84B63} = {80C842AA-5B0B-3682-945D-ADB43AF84B63}
		{16840FAB-530C-34EB-AD50-3407C53BA7A9} = {16840FAB-530C-34EB-AD50-3407C53BA7A9}
		{D7300F2B-6873-3E59-8A75-E8352D6FEE56} = {D7300F2B-6873-3E59-8A75-E8352D6FEE56}
	EndProjectSection
EndProject
Project("{8BC9CEB8-8B4A-11D0-8D11-00A0C91BC942}") = "opencv_videoio", "..\videoio\opencv_videoio.vcxproj", "{06A3D594-5E18-3FC3-8AB1-3E7EE6EFAC15}"
	ProjectSection(ProjectDependencies) = postProject
		{80C842AA-5B0B-3682-945D-ADB43AF84B63} = {80C842AA-5B0B-3682-945D-ADB43AF84B63}
		{16840FAB-530C-34EB-AD50-3407C53BA7A9} = {16840FAB-530C-34EB-AD50-3407C53BA7A9}
		{D7300F2B-6873-3E59-8A75-E8352D6FEE56} = {D7300F2B-6873-3E59-8A75-E8352D6FEE56}
		{83FC629C-648D-341E-99F4-4E97E007ADD7} = {83FC629C-648D-341E-99F4-4E97E007ADD7}
		{11C1CE5D-FBBA-3746-A9E3-0AFB19DFEA98} = {11C1CE5D-FBBA-3746-A9E3-0AFB19DFEA98}
	EndProjectSection
EndProject
Project("{8BC9CEB8-8B4A-11D0-8D11-00A0C91BC942}") = "zlib", "..\..\3rdparty\zlib\zlib.vcxproj", "{68ED329B-E9C0-3B5F-950B-A5225EF480CF}"
	ProjectSection(ProjectDependencies) = postProject
		{80C842AA-5B0B-3682-945D-ADB43AF84B63} = {80C842AA-5B0B-3682-945D-ADB43AF84B63}
	EndProjectSection
EndProject
Global
	GlobalSection(SolutionConfigurationPlatforms) = preSolution
		Debug|x64 = Debug|x64
		Release|x64 = Release|x64
	EndGlobalSection
	GlobalSection(ProjectConfigurationPlatforms) = postSolution
		{9BDB6AFF-340A-386C-BAAD-92665F023722}.Debug|x64.ActiveCfg = Debug|x64
		{9BDB6AFF-340A-386C-BAAD-92665F023722}.Debug|x64.Build.0 = Debug|x64
		{9BDB6AFF-340A-386C-BAAD-92665F023722}.Release|x64.ActiveCfg = Release|x64
		{9BDB6AFF-340A-386C-BAAD-92665F023722}.Release|x64.Build.0 = Release|x64
		{3521E572-FC76-312B-ADF2-352F78316C8D}.Debug|x64.ActiveCfg = Debug|x64
		{3521E572-FC76-312B-ADF2-352F78316C8D}.Release|x64.ActiveCfg = Release|x64
		{811C3A6F-3920-3070-B7B2-E96B8F23E412}.Debug|x64.ActiveCfg = Debug|x64
		{811C3A6F-3920-3070-B7B2-E96B8F23E412}.Debug|x64.Build.0 = Debug|x64
		{811C3A6F-3920-3070-B7B2-E96B8F23E412}.Release|x64.ActiveCfg = Release|x64
		{811C3A6F-3920-3070-B7B2-E96B8F23E412}.Release|x64.Build.0 = Release|x64
		{09BA2CF0-5E2C-3C13-B487-6B4016372C81}.Debug|x64.ActiveCfg = Debug|x64
		{09BA2CF0-5E2C-3C13-B487-6B4016372C81}.Release|x64.ActiveCfg = Release|x64
		{4601B23D-C09B-3774-BCCF-FB2CC1D02B15}.Debug|x64.ActiveCfg = Debug|x64
		{4601B23D-C09B-3774-BCCF-FB2CC1D02B15}.Release|x64.ActiveCfg = Release|x64
		{80C842AA-5B0B-3682-945D-ADB43AF84B63}.Debug|x64.ActiveCfg = Debug|x64
		{80C842AA-5B0B-3682-945D-ADB43AF84B63}.Debug|x64.Build.0 = Debug|x64
		{80C842AA-5B0B-3682-945D-ADB43AF84B63}.Release|x64.ActiveCfg = Release|x64
		{80C842AA-5B0B-3682-945D-ADB43AF84B63}.Release|x64.Build.0 = Release|x64
		{16840FAB-530C-34EB-AD50-3407C53BA7A9}.Debug|x64.ActiveCfg = Debug|x64
		{16840FAB-530C-34EB-AD50-3407C53BA7A9}.Debug|x64.Build.0 = Debug|x64
		{16840FAB-530C-34EB-AD50-3407C53BA7A9}.Release|x64.ActiveCfg = Release|x64
		{16840FAB-530C-34EB-AD50-3407C53BA7A9}.Release|x64.Build.0 = Release|x64
		{6A9CD173-CDBA-3DDC-A221-093279967CC7}.Debug|x64.ActiveCfg = Debug|x64
		{6A9CD173-CDBA-3DDC-A221-093279967CC7}.Debug|x64.Build.0 = Debug|x64
		{6A9CD173-CDBA-3DDC-A221-093279967CC7}.Release|x64.ActiveCfg = Release|x64
		{6A9CD173-CDBA-3DDC-A221-093279967CC7}.Release|x64.Build.0 = Release|x64
		{22D9F301-C61F-33F1-8F8F-22807F077E67}.Debug|x64.ActiveCfg = Debug|x64
		{22D9F301-C61F-33F1-8F8F-22807F077E67}.Debug|x64.Build.0 = Debug|x64
		{22D9F301-C61F-33F1-8F8F-22807F077E67}.Release|x64.ActiveCfg = Release|x64
		{22D9F301-C61F-33F1-8F8F-22807F077E67}.Release|x64.Build.0 = Release|x64
		{23B6ACF9-2084-311C-BDFD-79CA534647AE}.Debug|x64.ActiveCfg = Debug|x64
		{23B6ACF9-2084-311C-BDFD-79CA534647AE}.Debug|x64.Build.0 = Debug|x64
		{23B6ACF9-2084-311C-BDFD-79CA534647AE}.Release|x64.ActiveCfg = Release|x64
		{23B6ACF9-2084-311C-BDFD-79CA534647AE}.Release|x64.Build.0 = Release|x64
		{B87FFB66-736B-3873-BFDB-D2540EDCC283}.Debug|x64.ActiveCfg = Debug|x64
		{B87FFB66-736B-3873-BFDB-D2540EDCC283}.Debug|x64.Build.0 = Debug|x64
		{B87FFB66-736B-3873-BFDB-D2540EDCC283}.Release|x64.ActiveCfg = Release|x64
		{B87FFB66-736B-3873-BFDB-D2540EDCC283}.Release|x64.Build.0 = Release|x64
		{B5F6CD2E-BCF7-3452-BC0C-019C1E408793}.Debug|x64.ActiveCfg = Debug|x64
		{B5F6CD2E-BCF7-3452-BC0C-019C1E408793}.Debug|x64.Build.0 = Debug|x64
		{B5F6CD2E-BCF7-3452-BC0C-019C1E408793}.Release|x64.ActiveCfg = Release|x64
		{B5F6CD2E-BCF7-3452-BC0C-019C1E408793}.Release|x64.Build.0 = Release|x64
		{E993DB9D-BC45-3FC6-B6F8-5C55FAEDD854}.Debug|x64.ActiveCfg = Debug|x64
		{E993DB9D-BC45-3FC6-B6F8-5C55FAEDD854}.Debug|x64.Build.0 = Debug|x64
		{E993DB9D-BC45-3FC6-B6F8-5C55FAEDD854}.Release|x64.ActiveCfg = Release|x64
		{E993DB9D-BC45-3FC6-B6F8-5C55FAEDD854}.Release|x64.Build.0 = Release|x64
		{D7300F2B-6873-3E59-8A75-E8352D6FEE56}.Debug|x64.ActiveCfg = Debug|x64
		{D7300F2B-6873-3E59-8A75-E8352D6FEE56}.Debug|x64.Build.0 = Debug|x64
		{D7300F2B-6873-3E59-8A75-E8352D6FEE56}.Release|x64.ActiveCfg = Release|x64
		{D7300F2B-6873-3E59-8A75-E8352D6FEE56}.Release|x64.Build.0 = Release|x64
		{CD65D4BC-525B-32F3-94F8-15E3149C92F8}.Debug|x64.ActiveCfg = Debug|x64
		{CD65D4BC-525B-32F3-94F8-15E3149C92F8}.Debug|x64.Build.0 = Debug|x64
		{CD65D4BC-525B-32F3-94F8-15E3149C92F8}.Release|x64.ActiveCfg = Release|x64
		{CD65D4BC-525B-32F3-94F8-15E3149C92F8}.Release|x64.Build.0 = Release|x64
		{83FC629C-648D-341E-99F4-4E97E007ADD7}.Debug|x64.ActiveCfg = Debug|x64
		{83FC629C-648D-341E-99F4-4E97E007ADD7}.Debug|x64.Build.0 = Debug|x64
		{83FC629C-648D-341E-99F4-4E97E007ADD7}.Release|x64.ActiveCfg = Release|x64
		{83FC629C-648D-341E-99F4-4E97E007ADD7}.Release|x64.Build.0 = Release|x64
		{11C1CE5D-FBBA-3746-A9E3-0AFB19DFEA98}.Debug|x64.ActiveCfg = Debug|x64
		{11C1CE5D-FBBA-3746-A9E3-0AFB19DFEA98}.Debug|x64.Build.0 = Debug|x64
		{11C1CE5D-FBBA-3746-A9E3-0AFB19DFEA98}.Release|x64.ActiveCfg = Release|x64
		{11C1CE5D-FBBA-3746-A9E3-0AFB19DFEA98}.Release|x64.Build.0 = Release|x64
		{06A3D594-5E18-3FC3-8AB1-3E7EE6EFAC15}.Debug|x64.ActiveCfg = Debug|x64
		{06A3D594-5E18-3FC3-8AB1-3E7EE6EFAC15}.Debug|x64.Build.0 = Debug|x64
		{06A3D594-5E18-3FC3-8AB1-3E7EE6EFAC15}.Release|x64.ActiveCfg = Release|x64
		{06A3D594-5E18-3FC3-8AB1-3E7EE6EFAC15}.Release|x64.Build.0 = Release|x64
		{68ED329B-E9C0-3B5F-950B-A5225EF480CF}.Debug|x64.ActiveCfg = Debug|x64
		{68ED329B-E9C0-3B5F-950B-A5225EF480CF}.Debug|x64.Build.0 = Debug|x64
		{68ED329B-E9C0-3B5F-950B-A5225EF480CF}.Release|x64.ActiveCfg = Release|x64
		{68ED329B-E9C0-3B5F-950B-A5225EF480CF}.Release|x64.Build.0 = Release|x64
	EndGlobalSection
	GlobalSection(NestedProjects) = preSolution
		{811C3A6F-3920-3070-B7B2-E96B8F23E412} = {68AB1E66-6479-3336-9DFE-A7C839E9BFAF}
		{16840FAB-530C-34EB-AD50-3407C53BA7A9} = {68AB1E66-6479-3336-9DFE-A7C839E9BFAF}
		{6A9CD173-CDBA-3DDC-A221-093279967CC7} = {68AB1E66-6479-3336-9DFE-A7C839E9BFAF}
		{22D9F301-C61F-33F1-8F8F-22807F077E67} = {68AB1E66-6479-3336-9DFE-A7C839E9BFAF}
		{23B6ACF9-2084-311C-BDFD-79CA534647AE} = {68AB1E66-6479-3336-9DFE-A7C839E9BFAF}
		{B87FFB66-736B-3873-BFDB-D2540EDCC283} = {68AB1E66-6479-3336-9DFE-A7C839E9BFAF}
		{B5F6CD2E-BCF7-3452-BC0C-019C1E408793} = {68AB1E66-6479-3336-9DFE-A7C839E9BFAF}
		{E993DB9D-BC45-3FC6-B6F8-5C55FAEDD854} = {68AB1E66-6479-3336-9DFE-A7C839E9BFAF}
		{68ED329B-E9C0-3B5F-950B-A5225EF480CF} = {68AB1E66-6479-3336-9DFE-A7C839E9BFAF}
		{9BDB6AFF-340A-386C-BAAD-92665F023722} = {CF49CAF2-0FE9-3A3D-9E30-79EEC9BAEDED}
		{3521E572-FC76-312B-ADF2-352F78316C8D} = {CF49CAF2-0FE9-3A3D-9E30-79EEC9BAEDED}
		{09BA2CF0-5E2C-3C13-B487-6B4016372C81} = {CF49CAF2-0FE9-3A3D-9E30-79EEC9BAEDED}
		{4601B23D-C09B-3774-BCCF-FB2CC1D02B15} = {CF49CAF2-0FE9-3A3D-9E30-79EEC9BAEDED}
		{80C842AA-5B0B-3682-945D-ADB43AF84B63} = {CF49CAF2-0FE9-3A3D-9E30-79EEC9BAEDED}
		{D7300F2B-6873-3E59-8A75-E8352D6FEE56} = {8FF07146-EAB1-3A66-AACA-8290E3BC0193}
		{CD65D4BC-525B-32F3-94F8-15E3149C92F8} = {8FF07146-EAB1-3A66-AACA-8290E3BC0193}
		{83FC629C-648D-341E-99F4-4E97E007ADD7} = {8FF07146-EAB1-3A66-AACA-8290E3BC0193}
		{11C1CE5D-FBBA-3746-A9E3-0AFB19DFEA98} = {8FF07146-EAB1-3A66-AACA-8290E3BC0193}
		{06A3D594-5E18-3FC3-8AB1-3E7EE6EFAC15} = {8FF07146-EAB1-3A66-AACA-8290E3BC0193}
	EndGlobalSection
	GlobalSection(ExtensibilityGlobals) = postSolution
		SolutionGuid = {A4396242-4345-32F8-B017-52B24652190C}
	EndGlobalSection
	GlobalSection(ExtensibilityAddIns) = postSolution
	EndGlobalSection
EndGlobal
