<?xml version="1.0" encoding="utf-8"?>
<Project ToolsVersion="16.0" xmlns="http://schemas.microsoft.com/developer/msbuild/2003">
  <ItemGroup>
    <ClCompile Include="src\cascadedetect.cpp" />
    <ClCompile Include="src\cascadedetect_convert.cpp" />
    <ClCompile Include="src\detection_based_tracker.cpp" />
    <ClCompile Include="src\hog.cpp" />
    <ClCompile Include="src\main.cpp" />
    <ClCompile Include="src\qrcode.cpp" />
    <ClCompile Include="opencl_kernels_objdetect.cpp" />
    <ClCompile Include="opencv_objdetect_pch.cpp" />
    <ClCompile Include="opencv_objdetect_main.cpp" />
  </ItemGroup>
  <ItemGroup>
    <ClInclude Include="include\opencv2\objdetect.hpp" />
    <ClInclude Include="include\opencv2\objdetect\detection_based_tracker.hpp" />
    <ClInclude Include="include\opencv2\objdetect\objdetect.hpp" />
    <ClInclude Include="opencl_kernels_objdetect.hpp" />
    <ClInclude Include="src\cascadedetect.hpp" />
    <ClInclude Include="src\precomp.hpp" />
    <ClInclude Include="cvconfig.h" />
    <ClInclude Include="opencv_modules.hpp" />
  </ItemGroup>
  <ItemGroup>
    <None Include="src\opencl\cascadedetect.cl" />
    <None Include="src\opencl\objdetect_hog.cl" />
  </ItemGroup>
  <ItemGroup>
    <ResourceCompile Include="vs_version.rc" />
  </ItemGroup>
  <ItemGroup>
    <Filter Include="CMake Rules">
      <UniqueIdentifier>{613DCB51-195E-330E-A772-6D5B40BA759D}</UniqueIdentifier>
    </Filter>
    <Filter Include="Include">
      <UniqueIdentifier>{0F4E727C-A542-39DA-A5B7-B658528F0B6C}</UniqueIdentifier>
    </Filter>
    <Filter Include="Include\opencv2">
      <UniqueIdentifier>{8E98FA75-E5B5-3AD2-AC34-8A455A40CD7D}</UniqueIdentifier>
    </Filter>
    <Filter Include="Include\opencv2\objdetect">
      <UniqueIdentifier>{9C29C659-9881-3209-875A-3F5F9B2FF7D0}</UniqueIdentifier>
    </Filter>
    <Filter Include="Source Files">
      <UniqueIdentifier>{CE12B7EF-4DE0-3097-AE17-93B2DA197F27}</UniqueIdentifier>
    </Filter>
    <Filter Include="Src">
      <UniqueIdentifier>{CD70F01E-A37A-31F4-9B99-9B18D6482D8A}</UniqueIdentifier>
    </Filter>
    <Filter Include="Src\opencl">
      <UniqueIdentifier>{15106DBE-B4B9-30AD-8002-49CE152B898C}</UniqueIdentifier>
    </Filter>
    <Filter Include="Src\opencl\kernels">
      <UniqueIdentifier>{D7BD7446-117E-38D2-AD9C-0B620BC6BF32}</UniqueIdentifier>
    </Filter>
    <Filter Include="Src\opencl\kernels\autogenerated">
      <UniqueIdentifier>{83AEFC3D-9621-3789-84E8-BCBAC25C2251}</UniqueIdentifier>
    </Filter>
  </ItemGroup>
</Project>