<?xml version="1.0" encoding="utf-8"?>
<Project ToolsVersion="14.0" xmlns="http://schemas.microsoft.com/developer/msbuild/2003">
  <ItemGroup>
    <ClCompile Include="$(SolutionDir)contrib\line_descriptor\src\LSDDetector.cpp">
      <Filter>Src</Filter>
    </ClCompile>
    <ClCompile Include="$(SolutionDir)contrib\line_descriptor\src\binary_descriptor.cpp">
      <Filter>Src</Filter>
    </ClCompile>
    <ClCompile Include="$(SolutionDir)contrib\line_descriptor\src\binary_descriptor_matcher.cpp">
      <Filter>Src</Filter>
    </ClCompile>
    <ClCompile Include="$(SolutionDir)contrib\line_descriptor\src\draw.cpp">
      <Filter>Src</Filter>
    </ClCompile>
    <ClCompile Include="opencv_line_descriptor_pch.cpp">
      <Filter>Src</Filter>
    </ClCompile>
  </ItemGroup>
  <ItemGroup>
    <ClInclude Include="$(SolutionDir)contrib\line_descriptor\include\opencv2\line_descriptor.hpp">
      <Filter>Include\opencv2</Filter>
    </ClInclude>
    <ClInclude Include="$(SolutionDir)contrib\line_descriptor\include\opencv2\line_descriptor\descriptor.hpp">
      <Filter>Include\opencv2\line_descriptor</Filter>
    </ClInclude>
    <ClInclude Include="$(SolutionDir)contrib\line_descriptor\src\bitarray.hpp">
      <Filter>Src</Filter>
    </ClInclude>
    <ClInclude Include="$(SolutionDir)contrib\line_descriptor\src\bitops.hpp">
      <Filter>Src</Filter>
    </ClInclude>
    <ClInclude Include="$(SolutionDir)contrib\line_descriptor\src\precomp.hpp">
      <Filter>Src</Filter>
    </ClInclude>
    <ClInclude Include="$(SolutionDir)contrib\line_descriptor\src\types.hpp">
      <Filter>Src</Filter>
    </ClInclude>
    <ClInclude Include="$(SolutionDir)cvconfig.h">
      <Filter>Include</Filter>
    </ClInclude>
    <ClInclude Include="$(SolutionDir)opencv2\opencv_modules.hpp">
      <Filter>Include</Filter>
    </ClInclude>
  </ItemGroup>
  <ItemGroup>
    <ResourceCompile Include="vs_version.rc">
      <Filter>Src</Filter>
    </ResourceCompile>
  </ItemGroup>
  <ItemGroup>
    <Filter Include="Include">
      <UniqueIdentifier>{3DE57C33-6277-312B-8C55-AEF411DE727B}</UniqueIdentifier>
    </Filter>
    <Filter Include="Include\opencv2">
      <UniqueIdentifier>{A07D22F4-3F50-3BDD-B3DC-53A5EF69F252}</UniqueIdentifier>
    </Filter>
    <Filter Include="Include\opencv2\line_descriptor">
      <UniqueIdentifier>{C4CC7489-E845-367A-96D4-E2779E7DC577}</UniqueIdentifier>
    </Filter>
    <Filter Include="Src">
      <UniqueIdentifier>{DFE1FF5E-3360-3736-BAE5-E3D9B5C50606}</UniqueIdentifier>
    </Filter>
  </ItemGroup>
</Project>