<?xml version="1.0" encoding="utf-8"?>
<Project ToolsVersion="16.0" xmlns="http://schemas.microsoft.com/developer/msbuild/2003">
  <ItemGroup>
    <ClCompile Include="src\align.cpp" />
    <ClCompile Include="src\calibrate.cpp" />
    <ClCompile Include="src\contrast_preserve.cpp" />
    <ClCompile Include="src\denoise_tvl1.cpp" />
    <ClCompile Include="src\denoising.cpp" />
    <ClCompile Include="src\denoising.cuda.cpp" />
    <ClCompile Include="src\hdr_common.cpp" />
    <ClCompile Include="src\inpaint.cpp" />
    <ClCompile Include="src\merge.cpp" />
    <ClCompile Include="src\npr.cpp" />
    <ClCompile Include="src\seamless_cloning.cpp" />
    <ClCompile Include="src\seamless_cloning_impl.cpp" />
    <ClCompile Include="src\tonemap.cpp" />
    <ClCompile Include="opencl_kernels_photo.cpp" />
    <ClCompile Include="opencv_photo_pch.cpp" />
    <ClCompile Include="opencv_photo_main.cpp" />
  </ItemGroup>
  <ItemGroup>
    <ClInclude Include="include\opencv2\photo.hpp" />
    <ClInclude Include="include\opencv2\photo\cuda.hpp" />
    <ClInclude Include="include\opencv2\photo\legacy\constants_c.h" />
    <ClInclude Include="include\opencv2\photo\photo.hpp" />
    <ClInclude Include="opencl_kernels_photo.hpp" />
    <ClInclude Include="src\arrays.hpp" />
    <ClInclude Include="src\contrast_preserve.hpp" />
    <ClInclude Include="src\fast_nlmeans_denoising_invoker.hpp" />
    <ClInclude Include="src\fast_nlmeans_denoising_invoker_commons.hpp" />
    <ClInclude Include="src\fast_nlmeans_denoising_opencl.hpp" />
    <ClInclude Include="src\fast_nlmeans_multi_denoising_invoker.hpp" />
    <ClInclude Include="src\hdr_common.hpp" />
    <ClInclude Include="src\npr.hpp" />
    <ClInclude Include="src\precomp.hpp" />
    <ClInclude Include="src\seamless_cloning.hpp" />
    <ClInclude Include="cvconfig.h" />
    <ClInclude Include="opencv_modules.hpp" />
  </ItemGroup>
  <ItemGroup>
    <None Include="src\opencl\nlmeans.cl" />
  </ItemGroup>
  <ItemGroup>
    <ResourceCompile Include="vs_version.rc" />
  </ItemGroup>
  <ItemGroup>
    <Filter Include="CMake Rules">
      <UniqueIdentifier>{613DCB51-195E-330E-A772-6D5B40BA759D}</UniqueIdentifier>
    </Filter>
    <Filter Include="Include">
      <UniqueIdentifier>{0F4E727C-A542-39DA-A5B7-B658528F0B6C}</UniqueIdentifier>
    </Filter>
    <Filter Include="Include\opencv2">
      <UniqueIdentifier>{8E98FA75-E5B5-3AD2-AC34-8A455A40CD7D}</UniqueIdentifier>
    </Filter>
    <Filter Include="Include\opencv2\photo">
      <UniqueIdentifier>{6F960D7B-8FC6-378E-939B-F37E8E15B978}</UniqueIdentifier>
    </Filter>
    <Filter Include="Include\opencv2\photo\legacy">
      <UniqueIdentifier>{AB80A4B0-BB2D-3B98-BF16-3CE7B6FC70B2}</UniqueIdentifier>
    </Filter>
    <Filter Include="Source Files">
      <UniqueIdentifier>{CE12B7EF-4DE0-3097-AE17-93B2DA197F27}</UniqueIdentifier>
    </Filter>
    <Filter Include="Src">
      <UniqueIdentifier>{CD70F01E-A37A-31F4-9B99-9B18D6482D8A}</UniqueIdentifier>
    </Filter>
    <Filter Include="Src\opencl">
      <UniqueIdentifier>{15106DBE-B4B9-30AD-8002-49CE152B898C}</UniqueIdentifier>
    </Filter>
    <Filter Include="Src\opencl\kernels">
      <UniqueIdentifier>{D7BD7446-117E-38D2-AD9C-0B620BC6BF32}</UniqueIdentifier>
    </Filter>
    <Filter Include="Src\opencl\kernels\autogenerated">
      <UniqueIdentifier>{83AEFC3D-9621-3789-84E8-BCBAC25C2251}</UniqueIdentifier>
    </Filter>
  </ItemGroup>
</Project>