<?xml version="1.0" encoding="utf-8"?>
<Project ToolsVersion="14.0" xmlns="http://schemas.microsoft.com/developer/msbuild/2003">
  <ItemGroup>
    <ClCompile Include="$(ProjectDir)..\..\modules\imgcodecs\src\loadsave.cpp">
      <Filter>Src</Filter>
    </ClCompile>
    <ClCompile Include="$(ProjectDir)..\..\modules\imgcodecs\src\utils.cpp">
      <Filter>Src</Filter>
    </ClCompile>
    <ClCompile Include="$(ProjectDir)..\..\modules\imgcodecs\src\grfmt_base.cpp">
      <Filter>Src\grfmts</Filter>
    </ClCompile>
    <ClCompile Include="$(ProjectDir)..\..\modules\imgcodecs\src\grfmt_bmp.cpp">
      <Filter>Src\grfmts</Filter>
    </ClCompile>
    <ClCompile Include="$(ProjectDir)..\..\modules\imgcodecs\src\grfmt_exr.cpp">
      <Filter>Src\grfmts</Filter>
    </ClCompile>
    <ClCompile Include="$(ProjectDir)..\..\modules\imgcodecs\src\grfmt_gdal.cpp">
      <Filter>Src\grfmts</Filter>
    </ClCompile>
    <ClCompile Include="$(ProjectDir)..\..\modules\imgcodecs\src\grfmt_gdcm.cpp">
      <Filter>Src\grfmts</Filter>
    </ClCompile>
    <ClCompile Include="$(ProjectDir)..\..\modules\imgcodecs\src\grfmt_hdr.cpp">
      <Filter>Src\grfmts</Filter>
    </ClCompile>
    <ClCompile Include="$(ProjectDir)..\..\modules\imgcodecs\src\grfmt_jpeg.cpp">
      <Filter>Src\grfmts</Filter>
    </ClCompile>
    <ClCompile Include="$(ProjectDir)..\..\modules\imgcodecs\src\grfmt_jpeg2000.cpp">
      <Filter>Src\grfmts</Filter>
    </ClCompile>
    <ClCompile Include="$(ProjectDir)..\..\modules\imgcodecs\src\grfmt_pam.cpp">
      <Filter>Src\grfmts</Filter>
    </ClCompile>
    <ClCompile Include="$(ProjectDir)..\..\modules\imgcodecs\src\grfmt_png.cpp">
      <Filter>Src\grfmts</Filter>
    </ClCompile>
    <ClCompile Include="$(ProjectDir)..\..\modules\imgcodecs\src\grfmt_pxm.cpp">
      <Filter>Src\grfmts</Filter>
    </ClCompile>
    <ClCompile Include="$(ProjectDir)..\..\modules\imgcodecs\src\grfmt_sunras.cpp">
      <Filter>Src\grfmts</Filter>
    </ClCompile>
    <ClCompile Include="$(ProjectDir)..\..\modules\imgcodecs\src\grfmt_tiff.cpp">
      <Filter>Src\grfmts</Filter>
    </ClCompile>
    <ClCompile Include="$(ProjectDir)..\..\modules\imgcodecs\src\grfmt_webp.cpp">
      <Filter>Src\grfmts</Filter>
    </ClCompile>
    <ClCompile Include="$(ProjectDir)..\..\modules\imgcodecs\src\bitstrm.cpp">
      <Filter>Src\grfmts</Filter>
    </ClCompile>
    <ClCompile Include="$(ProjectDir)..\..\modules\imgcodecs\src\rgbe.cpp">
      <Filter>Src\grfmts</Filter>
    </ClCompile>
    <ClCompile Include="$(ProjectDir)..\..\modules\imgcodecs\src\exif.cpp">
      <Filter>Src\grfmts</Filter>
    </ClCompile>
    <ClCompile Include="opencv_imgcodecs_pch.cpp">
      <Filter>Src</Filter>
    </ClCompile>
  </ItemGroup>
  <ItemGroup>
    <ClInclude Include="$(ProjectDir)..\..\modules\imgcodecs\include\opencv2\imgcodecs.hpp">
      <Filter>Include</Filter>
    </ClInclude>
    <ClInclude Include="$(ProjectDir)..\..\modules\imgcodecs\include\opencv2\imgcodecs\imgcodecs.hpp">
      <Filter>Include</Filter>
    </ClInclude>
    <ClInclude Include="$(ProjectDir)..\..\modules\imgcodecs\include\opencv2\imgcodecs\imgcodecs_c.h">
      <Filter>Include</Filter>
    </ClInclude>
    <ClInclude Include="$(ProjectDir)..\..\modules\imgcodecs\include\opencv2\imgcodecs\ios.h">
      <Filter>Include</Filter>
    </ClInclude>
    <ClInclude Include="$(ProjectDir)..\..\modules\imgcodecs\src\precomp.hpp">
      <Filter>Src</Filter>
    </ClInclude>
    <ClInclude Include="$(ProjectDir)..\..\modules\imgcodecs\src\utils.hpp">
      <Filter>Src</Filter>
    </ClInclude>
    <ClInclude Include="$(ProjectDir)..\..\modules\imgcodecs\src\grfmt_base.hpp">
      <Filter>Src\grfmts</Filter>
    </ClInclude>
    <ClInclude Include="$(ProjectDir)..\..\modules\imgcodecs\src\grfmt_bmp.hpp">
      <Filter>Src\grfmts</Filter>
    </ClInclude>
    <ClInclude Include="$(ProjectDir)..\..\modules\imgcodecs\src\grfmt_exr.hpp">
      <Filter>Src\grfmts</Filter>
    </ClInclude>
    <ClInclude Include="$(ProjectDir)..\..\modules\imgcodecs\src\grfmt_gdal.hpp">
      <Filter>Src\grfmts</Filter>
    </ClInclude>
    <ClInclude Include="$(ProjectDir)..\..\modules\imgcodecs\src\grfmt_gdcm.hpp">
      <Filter>Src\grfmts</Filter>
    </ClInclude>
    <ClInclude Include="$(ProjectDir)..\..\modules\imgcodecs\src\grfmt_hdr.hpp">
      <Filter>Src\grfmts</Filter>
    </ClInclude>
    <ClInclude Include="$(ProjectDir)..\..\modules\imgcodecs\src\grfmt_jpeg.hpp">
      <Filter>Src\grfmts</Filter>
    </ClInclude>
    <ClInclude Include="$(ProjectDir)..\..\modules\imgcodecs\src\grfmt_jpeg2000.hpp">
      <Filter>Src\grfmts</Filter>
    </ClInclude>
    <ClInclude Include="$(ProjectDir)..\..\modules\imgcodecs\src\grfmt_pam.hpp">
      <Filter>Src\grfmts</Filter>
    </ClInclude>
    <ClInclude Include="$(ProjectDir)..\..\modules\imgcodecs\src\grfmt_png.hpp">
      <Filter>Src\grfmts</Filter>
    </ClInclude>
    <ClInclude Include="$(ProjectDir)..\..\modules\imgcodecs\src\grfmt_pxm.hpp">
      <Filter>Src\grfmts</Filter>
    </ClInclude>
    <ClInclude Include="$(ProjectDir)..\..\modules\imgcodecs\src\grfmt_sunras.hpp">
      <Filter>Src\grfmts</Filter>
    </ClInclude>
    <ClInclude Include="$(ProjectDir)..\..\modules\imgcodecs\src\grfmt_tiff.hpp">
      <Filter>Src\grfmts</Filter>
    </ClInclude>
    <ClInclude Include="$(ProjectDir)..\..\modules\imgcodecs\src\grfmt_webp.hpp">
      <Filter>Src\grfmts</Filter>
    </ClInclude>
    <ClInclude Include="$(ProjectDir)..\..\modules\imgcodecs\src\grfmts.hpp">
      <Filter>Src\grfmts</Filter>
    </ClInclude>
    <ClInclude Include="$(ProjectDir)..\..\modules\imgcodecs\src\bitstrm.hpp">
      <Filter>Src\grfmts</Filter>
    </ClInclude>
    <ClInclude Include="$(ProjectDir)..\..\modules\imgcodecs\src\rgbe.hpp">
      <Filter>Src\grfmts</Filter>
    </ClInclude>
    <ClInclude Include="$(ProjectDir)..\..\modules\imgcodecs\src\exif.hpp">
      <Filter>Src\grfmts</Filter>
    </ClInclude>
    <ClInclude Include="$(SolutionDir)cvconfig.h">
      <Filter>Include</Filter>
    </ClInclude>
    <ClInclude Include="$(SolutionDir)opencv2\opencv_modules.hpp">
      <Filter>Include</Filter>
    </ClInclude>
  </ItemGroup>
  <ItemGroup>
    <ResourceCompile Include="vs_version.rc">
      <Filter>Src</Filter>
    </ResourceCompile>
  </ItemGroup>
  <ItemGroup>
    <Filter Include="Include">
      <UniqueIdentifier>{3DE57C33-6277-312B-8C55-AEF411DE727B}</UniqueIdentifier>
    </Filter>
    <Filter Include="Src">
      <UniqueIdentifier>{DFE1FF5E-3360-3736-BAE5-E3D9B5C50606}</UniqueIdentifier>
    </Filter>
    <Filter Include="Src\grfmts">
      <UniqueIdentifier>{8939F383-E2F6-3B83-B068-7BC4F6ACAE65}</UniqueIdentifier>
    </Filter>
  </ItemGroup>
</Project>