<?xml version="1.0" encoding="utf-8"?>
<Project ToolsVersion="14.0" xmlns="http://schemas.microsoft.com/developer/msbuild/2003">
  <ItemGroup>
    <ClCompile Include="$(SolutionDir)contrib\fuzzy\src\fuzzy_F0_math.cpp">
      <Filter>Src</Filter>
    </ClCompile>
    <ClCompile Include="$(SolutionDir)contrib\fuzzy\src\fuzzy_F1_math.cpp">
      <Filter>Src</Filter>
    </ClCompile>
    <ClCompile Include="$(SolutionDir)contrib\fuzzy\src\fuzzy_image.cpp">
      <Filter>Src</Filter>
    </ClCompile>
    <ClCompile Include="opencv_fuzzy_pch.cpp">
      <Filter>Src</Filter>
    </ClCompile>
  </ItemGroup>
  <ItemGroup>
    <ClInclude Include="$(SolutionDir)contrib\fuzzy\include\opencv2\fuzzy.hpp">
      <Filter>Include\opencv2</Filter>
    </ClInclude>
    <ClInclude Include="$(SolutionDir)contrib\fuzzy\include\opencv2\fuzzy\fuzzy_F0_math.hpp">
      <Filter>Include\opencv2\fuzzy</Filter>
    </ClInclude>
    <ClInclude Include="$(SolutionDir)contrib\fuzzy\include\opencv2\fuzzy\fuzzy_F1_math.hpp">
      <Filter>Include\opencv2\fuzzy</Filter>
    </ClInclude>
    <ClInclude Include="$(SolutionDir)contrib\fuzzy\include\opencv2\fuzzy\fuzzy_image.hpp">
      <Filter>Include\opencv2\fuzzy</Filter>
    </ClInclude>
    <ClInclude Include="$(SolutionDir)contrib\fuzzy\include\opencv2\fuzzy\types.hpp">
      <Filter>Include\opencv2\fuzzy</Filter>
    </ClInclude>
    <ClInclude Include="$(SolutionDir)contrib\fuzzy\src\precomp.hpp">
      <Filter>Src</Filter>
    </ClInclude>
    <ClInclude Include="$(SolutionDir)cvconfig.h">
      <Filter>Include</Filter>
    </ClInclude>
    <ClInclude Include="$(SolutionDir)opencv2\opencv_modules.hpp">
      <Filter>Include</Filter>
    </ClInclude>
  </ItemGroup>
  <ItemGroup>
    <ResourceCompile Include="vs_version.rc">
      <Filter>Src</Filter>
    </ResourceCompile>
  </ItemGroup>
  <ItemGroup>
    <Filter Include="Include">
      <UniqueIdentifier>{3DE57C33-6277-312B-8C55-AEF411DE727B}</UniqueIdentifier>
    </Filter>
    <Filter Include="Include\opencv2">
      <UniqueIdentifier>{A07D22F4-3F50-3BDD-B3DC-53A5EF69F252}</UniqueIdentifier>
    </Filter>
    <Filter Include="Include\opencv2\fuzzy">
      <UniqueIdentifier>{5CA99EF0-3F8F-30F6-976B-E2C0115054E9}</UniqueIdentifier>
    </Filter>
    <Filter Include="Src">
      <UniqueIdentifier>{DFE1FF5E-3360-3736-BAE5-E3D9B5C50606}</UniqueIdentifier>
    </Filter>
  </ItemGroup>
</Project>