<?xml version="1.0" encoding="utf-8"?>
<Project ToolsVersion="16.0" xmlns="http://schemas.microsoft.com/developer/msbuild/2003">
  <ItemGroup>
    <ClCompile Include="src\affine_feature2d.cpp" />
    <ClCompile Include="src\boostdesc.cpp" />
    <ClCompile Include="src\brief.cpp" />
    <ClCompile Include="src\daisy.cpp" />
    <ClCompile Include="src\ellipticKeyPoint.cpp" />
    <ClCompile Include="src\fast.cpp" />
    <ClCompile Include="src\freak.cpp" />
    <ClCompile Include="src\gms.cpp" />
    <ClCompile Include="src\harris_lapace_detector.cpp" />
    <ClCompile Include="src\latch.cpp" />
    <ClCompile Include="src\logos.cpp" />
    <ClCompile Include="src\logos\Logos.cpp" />
    <ClCompile Include="src\logos\Match.cpp" />
    <ClCompile Include="src\logos\Point.cpp" />
    <ClCompile Include="src\logos\PointPair.cpp" />
    <ClCompile Include="src\lucid.cpp" />
    <ClCompile Include="src\msd.cpp" />
    <ClCompile Include="src\pct_signatures.cpp" />
    <ClCompile Include="src\pct_signatures\grayscale_bitmap.cpp" />
    <ClCompile Include="src\pct_signatures\pct_clusterizer.cpp" />
    <ClCompile Include="src\pct_signatures\pct_sampler.cpp" />
    <ClCompile Include="src\pct_signatures_sqfd.cpp" />
    <ClCompile Include="src\stardetector.cpp" />
    <ClCompile Include="src\surf.cpp" />
    <ClCompile Include="src\surf.cuda.cpp" />
    <ClCompile Include="src\surf.ocl.cpp" />
    <ClCompile Include="src\vgg.cpp" />
    <ClCompile Include="src\xfeatures2d_init.cpp" />
    <ClCompile Include="opencl_kernels_xfeatures2d.cpp" />
    <ClCompile Include="opencv_xfeatures2d_pch.cpp" />
    <ClCompile Include="opencv_xfeatures2d_main.cpp" />
  </ItemGroup>
  <ItemGroup>
    <ClInclude Include="include\opencv2\xfeatures2d.hpp" />
    <ClInclude Include="include\opencv2\xfeatures2d\cuda.hpp" />
    <ClInclude Include="include\opencv2\xfeatures2d\nonfree.hpp" />
    <ClInclude Include="opencl_kernels_xfeatures2d.hpp" />
    <ClInclude Include="src\logos\Logos.hpp" />
    <ClInclude Include="src\logos\Match.hpp" />
    <ClInclude Include="src\logos\Point.hpp" />
    <ClInclude Include="src\logos\PointPair.hpp" />
    <ClInclude Include="src\pct_signatures\constants.hpp" />
    <ClInclude Include="src\pct_signatures\distance.hpp" />
    <ClInclude Include="src\pct_signatures\grayscale_bitmap.hpp" />
    <ClInclude Include="src\pct_signatures\pct_clusterizer.hpp" />
    <ClInclude Include="src\pct_signatures\pct_sampler.hpp" />
    <ClInclude Include="src\pct_signatures\similarity.hpp" />
    <ClInclude Include="src\precomp.hpp" />
    <ClInclude Include="src\surf.hpp" />
    <ClInclude Include="cvconfig.h" />
    <ClInclude Include="opencv_modules.hpp" />
  </ItemGroup>
  <ItemGroup>
    <None Include="src\opencl\surf.cl" />
  </ItemGroup>
  <ItemGroup>
    <ResourceCompile Include="vs_version.rc" />
  </ItemGroup>
  <ItemGroup>
    <Filter Include="CMake Rules">
      <UniqueIdentifier>{613DCB51-195E-330E-A772-6D5B40BA759D}</UniqueIdentifier>
    </Filter>
    <Filter Include="Include">
      <UniqueIdentifier>{0F4E727C-A542-39DA-A5B7-B658528F0B6C}</UniqueIdentifier>
    </Filter>
    <Filter Include="Include\opencv2">
      <UniqueIdentifier>{8E98FA75-E5B5-3AD2-AC34-8A455A40CD7D}</UniqueIdentifier>
    </Filter>
    <Filter Include="Include\opencv2\xfeatures2d">
      <UniqueIdentifier>{7BDDD13C-1A10-37B2-AEF4-F87418A66AB0}</UniqueIdentifier>
    </Filter>
    <Filter Include="Source Files">
      <UniqueIdentifier>{CE12B7EF-4DE0-3097-AE17-93B2DA197F27}</UniqueIdentifier>
    </Filter>
    <Filter Include="Src">
      <UniqueIdentifier>{CD70F01E-A37A-31F4-9B99-9B18D6482D8A}</UniqueIdentifier>
    </Filter>
    <Filter Include="Src\logos">
      <UniqueIdentifier>{08CE109B-2349-31C0-B65E-EE75E4AB577A}</UniqueIdentifier>
    </Filter>
    <Filter Include="Src\opencl">
      <UniqueIdentifier>{15106DBE-B4B9-30AD-8002-49CE152B898C}</UniqueIdentifier>
    </Filter>
    <Filter Include="Src\opencl\kernels">
      <UniqueIdentifier>{D7BD7446-117E-38D2-AD9C-0B620BC6BF32}</UniqueIdentifier>
    </Filter>
    <Filter Include="Src\opencl\kernels\autogenerated">
      <UniqueIdentifier>{83AEFC3D-9621-3789-84E8-BCBAC25C2251}</UniqueIdentifier>
    </Filter>
    <Filter Include="Src\pct_signatures">
      <UniqueIdentifier>{D7B8BE99-404F-3A3F-B39C-CD6AF192D9F6}</UniqueIdentifier>
    </Filter>
  </ItemGroup>
</Project>