<?xml version="1.0" encoding="utf-8"?>
<Project ToolsVersion="16.0" xmlns="http://schemas.microsoft.com/developer/msbuild/2003">
  <ItemGroup>
    <ClCompile Include="src\accum.cpp" />
    <ClCompile Include="src\accum.dispatch.cpp" />
    <ClCompile Include="src\approx.cpp" />
    <ClCompile Include="src\bilateral_filter.dispatch.cpp" />
    <ClCompile Include="src\blend.cpp" />
    <ClCompile Include="src\box_filter.dispatch.cpp" />
    <ClCompile Include="src\canny.cpp" />
    <ClCompile Include="src\clahe.cpp" />
    <ClCompile Include="src\color.cpp" />
    <ClCompile Include="src\color_hsv.dispatch.cpp" />
    <ClCompile Include="src\color_lab.cpp" />
    <ClCompile Include="src\color_rgb.dispatch.cpp" />
    <ClCompile Include="src\color_yuv.dispatch.cpp" />
    <ClCompile Include="src\colormap.cpp" />
    <ClCompile Include="src\connectedcomponents.cpp" />
    <ClCompile Include="src\contours.cpp" />
    <ClCompile Include="src\convhull.cpp" />
    <ClCompile Include="src\corner.cpp" />
    <ClCompile Include="src\cornersubpix.cpp" />
    <ClCompile Include="src\demosaicing.cpp" />
    <ClCompile Include="src\deriv.cpp" />
    <ClCompile Include="src\distransform.cpp" />
    <ClCompile Include="src\drawing.cpp" />
    <ClCompile Include="src\emd.cpp" />
    <ClCompile Include="src\featureselect.cpp" />
    <ClCompile Include="src\filter.dispatch.cpp" />
    <ClCompile Include="src\floodfill.cpp" />
    <ClCompile Include="src\gabor.cpp" />
    <ClCompile Include="src\generalized_hough.cpp" />
    <ClCompile Include="src\geometry.cpp" />
    <ClCompile Include="src\grabcut.cpp" />
    <ClCompile Include="src\hershey_fonts.cpp" />
    <ClCompile Include="src\histogram.cpp" />
    <ClCompile Include="src\hough.cpp" />
    <ClCompile Include="src\imgwarp.cpp" />
    <ClCompile Include="src\intersection.cpp" />
    <ClCompile Include="src\linefit.cpp" />
    <ClCompile Include="src\lsd.cpp" />
    <ClCompile Include="src\main.cpp" />
    <ClCompile Include="src\matchcontours.cpp" />
    <ClCompile Include="src\median_blur.dispatch.cpp" />
    <ClCompile Include="src\min_enclosing_triangle.cpp" />
    <ClCompile Include="src\moments.cpp" />
    <ClCompile Include="src\morph.dispatch.cpp" />
    <ClCompile Include="src\phasecorr.cpp" />
    <ClCompile Include="src\pyramids.cpp" />
    <ClCompile Include="src\resize.cpp" />
    <ClCompile Include="src\rotcalipers.cpp" />
    <ClCompile Include="src\samplers.cpp" />
    <ClCompile Include="src\segmentation.cpp" />
    <ClCompile Include="src\shapedescr.cpp" />
    <ClCompile Include="src\smooth.dispatch.cpp" />
    <ClCompile Include="src\spatialgradient.cpp" />
    <ClCompile Include="src\subdivision2d.cpp" />
    <ClCompile Include="src\sumpixels.dispatch.cpp" />
    <ClCompile Include="src\tables.cpp" />
    <ClCompile Include="src\templmatch.cpp" />
    <ClCompile Include="src\thresh.cpp" />
    <ClCompile Include="src\utils.cpp" />
    <ClCompile Include="opencl_kernels_imgproc.cpp" />
    <ClCompile Include="opencv_imgproc_pch.cpp" />
    <ClCompile Include="opencv_imgproc_main.cpp" />
  </ItemGroup>
  <ItemGroup>
    <ClInclude Include="include\opencv2\imgproc.hpp" />
    <ClInclude Include="include\opencv2\imgproc\hal\hal.hpp" />
    <ClInclude Include="include\opencv2\imgproc\hal\interface.h" />
    <ClInclude Include="include\opencv2\imgproc\imgproc.hpp" />
    <ClInclude Include="include\opencv2\imgproc\imgproc_c.h" />
    <ClInclude Include="include\opencv2\imgproc\types_c.h" />
    <ClInclude Include="include\opencv2\imgproc\detail\gcgraph.hpp" />
    <ClInclude Include="opencl_kernels_imgproc.hpp" />
    <ClInclude Include="src\_geom.h" />
    <ClInclude Include="src\accum.simd.hpp" />
    <ClInclude Include="src\bilateral_filter.simd.hpp" />
    <ClInclude Include="src\box_filter.simd.hpp" />
    <ClInclude Include="src\color.hpp" />
    <ClInclude Include="src\color.simd_helpers.hpp" />
    <ClInclude Include="src\color_hsv.simd.hpp" />
    <ClInclude Include="src\color_rgb.simd.hpp" />
    <ClInclude Include="src\color_yuv.simd.hpp" />
    <ClInclude Include="src\corner.hpp" />
    <ClInclude Include="src\filter.hpp" />
    <ClInclude Include="src\filter.simd.hpp" />
    <ClInclude Include="src\filterengine.hpp" />
    <ClInclude Include="src\fixedpoint.inl.hpp" />
    <ClInclude Include="src\hal_replacement.hpp" />
    <ClInclude Include="src\imgwarp.hpp" />
    <ClInclude Include="src\median_blur.simd.hpp" />
    <ClInclude Include="src\morph.simd.hpp" />
    <ClInclude Include="src\precomp.hpp" />
    <ClInclude Include="src\resize.hpp" />
    <ClInclude Include="src\smooth.simd.hpp" />
    <ClInclude Include="src\sumpixels.avx512_skx.hpp" />
    <ClInclude Include="src\sumpixels.simd.hpp" />
    <ClInclude Include="cvconfig.h" />
    <ClInclude Include="opencv_modules.hpp" />
  </ItemGroup>
  <ItemGroup>
    <None Include="src\opencl\accumulate.cl" />
    <None Include="src\opencl\bilateral.cl" />
    <None Include="src\opencl\blend_linear.cl" />
    <None Include="src\opencl\boxFilter.cl" />
    <None Include="src\opencl\boxFilter3x3.cl" />
    <None Include="src\opencl\calc_back_project.cl" />
    <None Include="src\opencl\canny.cl" />
    <None Include="src\opencl\clahe.cl" />
    <None Include="src\opencl\color_hsv.cl" />
    <None Include="src\opencl\color_lab.cl" />
    <None Include="src\opencl\color_rgb.cl" />
    <None Include="src\opencl\color_yuv.cl" />
    <None Include="src\opencl\corner.cl" />
    <None Include="src\opencl\covardata.cl" />
    <None Include="src\opencl\filter2D.cl" />
    <None Include="src\opencl\filter2DSmall.cl" />
    <None Include="src\opencl\filterSepCol.cl" />
    <None Include="src\opencl\filterSepRow.cl" />
    <None Include="src\opencl\filterSep_singlePass.cl" />
    <None Include="src\opencl\filterSmall.cl" />
    <None Include="src\opencl\gaussianBlur3x3.cl" />
    <None Include="src\opencl\gaussianBlur5x5.cl" />
    <None Include="src\opencl\gftt.cl" />
    <None Include="src\opencl\histogram.cl" />
    <None Include="src\opencl\hough_lines.cl" />
    <None Include="src\opencl\integral_sum.cl" />
    <None Include="src\opencl\laplacian3.cl" />
    <None Include="src\opencl\laplacian5.cl" />
    <None Include="src\opencl\linearPolar.cl" />
    <None Include="src\opencl\logPolar.cl" />
    <None Include="src\opencl\match_template.cl" />
    <None Include="src\opencl\medianFilter.cl" />
    <None Include="src\opencl\moments.cl" />
    <None Include="src\opencl\morph.cl" />
    <None Include="src\opencl\morph3x3.cl" />
    <None Include="src\opencl\precornerdetect.cl" />
    <None Include="src\opencl\pyr_down.cl" />
    <None Include="src\opencl\pyr_up.cl" />
    <None Include="src\opencl\pyramid_up.cl" />
    <None Include="src\opencl\remap.cl" />
    <None Include="src\opencl\resize.cl" />
    <None Include="src\opencl\sepFilter3x3.cl" />
    <None Include="src\opencl\threshold.cl" />
    <None Include="src\opencl\warp_affine.cl" />
    <None Include="src\opencl\warp_perspective.cl" />
    <None Include="src\opencl\warp_transform.cl" />
  </ItemGroup>
  <ItemGroup>
    <ResourceCompile Include="vs_version.rc" />
  </ItemGroup>
  <ItemGroup>
    <Filter Include="CMake Rules">
      <UniqueIdentifier>{613DCB51-195E-330E-A772-6D5B40BA759D}</UniqueIdentifier>
    </Filter>
    <Filter Include="Include">
      <UniqueIdentifier>{0F4E727C-A542-39DA-A5B7-B658528F0B6C}</UniqueIdentifier>
    </Filter>
    <Filter Include="Include\opencv2">
      <UniqueIdentifier>{8E98FA75-E5B5-3AD2-AC34-8A455A40CD7D}</UniqueIdentifier>
    </Filter>
    <Filter Include="Include\opencv2\imgproc">
      <UniqueIdentifier>{77CEC026-14A2-3F1F-8535-2D5DE15D5249}</UniqueIdentifier>
    </Filter>
    <Filter Include="Include\opencv2\imgproc\detail">
      <UniqueIdentifier>{B383C4C2-6C28-3612-9203-307F0D5B3C25}</UniqueIdentifier>
    </Filter>
    <Filter Include="Include\opencv2\imgproc\hal">
      <UniqueIdentifier>{913A7042-96F8-3387-9D50-D398E814FCD5}</UniqueIdentifier>
    </Filter>
    <Filter Include="Source Files">
      <UniqueIdentifier>{CE12B7EF-4DE0-3097-AE17-93B2DA197F27}</UniqueIdentifier>
    </Filter>
    <Filter Include="Src">
      <UniqueIdentifier>{CD70F01E-A37A-31F4-9B99-9B18D6482D8A}</UniqueIdentifier>
    </Filter>
    <Filter Include="Src\opencl">
      <UniqueIdentifier>{15106DBE-B4B9-30AD-8002-49CE152B898C}</UniqueIdentifier>
    </Filter>
    <Filter Include="Src\opencl\kernels">
      <UniqueIdentifier>{D7BD7446-117E-38D2-AD9C-0B620BC6BF32}</UniqueIdentifier>
    </Filter>
    <Filter Include="Src\opencl\kernels\autogenerated">
      <UniqueIdentifier>{83AEFC3D-9621-3789-84E8-BCBAC25C2251}</UniqueIdentifier>
    </Filter>
  </ItemGroup>
</Project>