<?xml version="1.0" encoding="utf-8"?>
<Project ToolsVersion="16.0" xmlns="http://schemas.microsoft.com/developer/msbuild/2003">
  <ItemGroup>
    <ClCompile Include="src\basicretinafilter.cpp" />
    <ClCompile Include="src\imagelogpolprojection.cpp" />
    <ClCompile Include="src\magnoretinafilter.cpp" />
    <ClCompile Include="src\parvoretinafilter.cpp" />
    <ClCompile Include="src\retina.cpp" />
    <ClCompile Include="src\retina_ocl.cpp" />
    <ClCompile Include="src\retinacolor.cpp" />
    <ClCompile Include="src\retinafasttonemapping.cpp" />
    <ClCompile Include="src\retinafilter.cpp" />
    <ClCompile Include="src\transientareassegmentationmodule.cpp" />
    <ClCompile Include="opencl_kernels_bioinspired.cpp" />
    <ClCompile Include="opencv_bioinspired_pch.cpp" />
    <ClCompile Include="opencv_bioinspired_main.cpp" />
  </ItemGroup>
  <ItemGroup>
    <ClInclude Include="include\opencv2\bioinspired.hpp" />
    <ClInclude Include="include\opencv2\bioinspired\bioinspired.hpp" />
    <ClInclude Include="include\opencv2\bioinspired\retina.hpp" />
    <ClInclude Include="include\opencv2\bioinspired\retinafasttonemapping.hpp" />
    <ClInclude Include="include\opencv2\bioinspired\transientareassegmentationmodule.hpp" />
    <ClInclude Include="opencl_kernels_bioinspired.hpp" />
    <ClInclude Include="src\basicretinafilter.hpp" />
    <ClInclude Include="src\imagelogpolprojection.hpp" />
    <ClInclude Include="src\magnoretinafilter.hpp" />
    <ClInclude Include="src\parvoretinafilter.hpp" />
    <ClInclude Include="src\precomp.hpp" />
    <ClInclude Include="src\retina_ocl.hpp" />
    <ClInclude Include="src\retinacolor.hpp" />
    <ClInclude Include="src\retinafilter.hpp" />
    <ClInclude Include="src\templatebuffer.hpp" />
    <ClInclude Include="cvconfig.h" />
    <ClInclude Include="opencv_modules.hpp" />
  </ItemGroup>
  <ItemGroup>
    <None Include="src\opencl\retina_kernel.cl" />
  </ItemGroup>
  <ItemGroup>
    <ResourceCompile Include="vs_version.rc" />
  </ItemGroup>
  <ItemGroup>
    <Filter Include="CMake Rules">
      <UniqueIdentifier>{613DCB51-195E-330E-A772-6D5B40BA759D}</UniqueIdentifier>
    </Filter>
    <Filter Include="Include">
      <UniqueIdentifier>{0F4E727C-A542-39DA-A5B7-B658528F0B6C}</UniqueIdentifier>
    </Filter>
    <Filter Include="Include\opencv2">
      <UniqueIdentifier>{8E98FA75-E5B5-3AD2-AC34-8A455A40CD7D}</UniqueIdentifier>
    </Filter>
    <Filter Include="Include\opencv2\bioinspired">
      <UniqueIdentifier>{B9631F60-C56F-3D34-9CE7-50B6F34A61D7}</UniqueIdentifier>
    </Filter>
    <Filter Include="Source Files">
      <UniqueIdentifier>{CE12B7EF-4DE0-3097-AE17-93B2DA197F27}</UniqueIdentifier>
    </Filter>
    <Filter Include="Src">
      <UniqueIdentifier>{CD70F01E-A37A-31F4-9B99-9B18D6482D8A}</UniqueIdentifier>
    </Filter>
    <Filter Include="Src\opencl">
      <UniqueIdentifier>{15106DBE-B4B9-30AD-8002-49CE152B898C}</UniqueIdentifier>
    </Filter>
    <Filter Include="Src\opencl\kernels">
      <UniqueIdentifier>{D7BD7446-117E-38D2-AD9C-0B620BC6BF32}</UniqueIdentifier>
    </Filter>
    <Filter Include="Src\opencl\kernels\autogenerated">
      <UniqueIdentifier>{83AEFC3D-9621-3789-84E8-BCBAC25C2251}</UniqueIdentifier>
    </Filter>
  </ItemGroup>
</Project>