<?xml version="1.0" encoding="utf-8"?>
<Project ToolsVersion="16.0" xmlns="http://schemas.microsoft.com/developer/msbuild/2003">
  <ItemGroup>
    <ClCompile Include="src\average_hash.cpp" />
    <ClCompile Include="src\block_mean_hash.cpp" />
    <ClCompile Include="src\color_moment_hash.cpp" />
    <ClCompile Include="src\img_hash_base.cpp" />
    <ClCompile Include="src\marr_hildreth_hash.cpp" />
    <ClCompile Include="src\phash.cpp" />
    <ClCompile Include="src\radial_variance_hash.cpp" />
    <ClCompile Include="opencv_img_hash_pch.cpp" />
    <ClCompile Include="opencv_img_hash_main.cpp" />
  </ItemGroup>
  <ItemGroup>
    <ClInclude Include="include\opencv2\img_hash.hpp" />
    <ClInclude Include="include\opencv2\img_hash\average_hash.hpp" />
    <ClInclude Include="include\opencv2\img_hash\block_mean_hash.hpp" />
    <ClInclude Include="include\opencv2\img_hash\color_moment_hash.hpp" />
    <ClInclude Include="include\opencv2\img_hash\img_hash_base.hpp" />
    <ClInclude Include="include\opencv2\img_hash\marr_hildreth_hash.hpp" />
    <ClInclude Include="include\opencv2\img_hash\phash.hpp" />
    <ClInclude Include="include\opencv2\img_hash\radial_variance_hash.hpp" />
    <ClInclude Include="src\precomp.hpp" />
    <ClInclude Include="cvconfig.h" />
    <ClInclude Include="opencv_modules.hpp" />
  </ItemGroup>
  <ItemGroup>
    <ResourceCompile Include="vs_version.rc" />
  </ItemGroup>
  <ItemGroup>
    <Filter Include="Include">
      <UniqueIdentifier>{0F4E727C-A542-39DA-A5B7-B658528F0B6C}</UniqueIdentifier>
    </Filter>
    <Filter Include="Include\opencv2">
      <UniqueIdentifier>{8E98FA75-E5B5-3AD2-AC34-8A455A40CD7D}</UniqueIdentifier>
    </Filter>
    <Filter Include="Include\opencv2\img_hash">
      <UniqueIdentifier>{56BB37D8-616F-35BA-9F2C-C84F2DD49594}</UniqueIdentifier>
    </Filter>
    <Filter Include="Source Files">
      <UniqueIdentifier>{CE12B7EF-4DE0-3097-AE17-93B2DA197F27}</UniqueIdentifier>
    </Filter>
    <Filter Include="Src">
      <UniqueIdentifier>{CD70F01E-A37A-31F4-9B99-9B18D6482D8A}</UniqueIdentifier>
    </Filter>
  </ItemGroup>
</Project>